
Microsoft Visual Studio Solution File, Format Version 12.00
# Visual Studio Version 16
VisualStudioVersion = 16.0.810.14
MinimumVisualStudioVersion = 10.0.40219.1
Project("{FAE04EC0-301F-11D3-BF4B-00C04F79EFBC}") = "AnalysisForVotingRegions", "AnalysisForVotingRegions\AnalysisForVotingRegions.csproj", "{A80334B6-0F7A-4C97-8AC3-8DA1BCE76090}"
EndProject
Project("{FAE04EC0-301F-11D3-BF4B-00C04F79EFBC}") = "TestAnalysisTool", "TestAnalysisTool\TestAnalysisTool.csproj", "{43F7B2AA-98CA-4524-B10A-665B6849A8F4}"
EndProject
Project("{FAE04EC0-301F-11D3-BF4B-00C04F79EFBC}") = "TestDetailedAnalyticsTool", "TestDetailedAnalyticsTool\TestDetailedAnalyticsTool.csproj", "{044F8678-9294-46CB-8B12-6B81E7A74A36}"
EndProject
Project("{FAE04EC0-301F-11D3-BF4B-00C04F79EFBC}") = "TestPersonalCodeValidator", "TestPersonalCodeValidator\TestPersonalCodeValidator.csproj", "{932CAEF8-A109-4722-966F-8ACF3205899B}"
EndProject
Global
	GlobalSection(SolutionConfigurationPlatforms) = preSolution
		Debug|Any CPU = Debug|Any CPU
		Release|Any CPU = Release|Any CPU
	EndGlobalSection
	GlobalSection(ProjectConfigurationPlatforms) = postSolution
		{A80334B6-0F7A-4C97-8AC3-8DA1BCE76090}.Debug|Any CPU.ActiveCfg = Debug|Any CPU
		{A80334B6-0F7A-4C97-8AC3-8DA1BCE76090}.Debug|Any CPU.Build.0 = Debug|Any CPU
		{A80334B6-0F7A-4C97-8AC3-8DA1BCE76090}.Release|Any CPU.ActiveCfg = Release|Any CPU
		{A80334B6-0F7A-4C97-8AC3-8DA1BCE76090}.Release|Any CPU.Build.0 = Release|Any CPU
		{43F7B2AA-98CA-4524-B10A-665B6849A8F4}.Debug|Any CPU.ActiveCfg = Debug|Any CPU
		{43F7B2AA-98CA-4524-B10A-665B6849A8F4}.Debug|Any CPU.Build.0 = Debug|Any CPU
		{43F7B2AA-98CA-4524-B10A-665B6849A8F4}.Release|Any CPU.ActiveCfg = Release|Any CPU
		{43F7B2AA-98CA-4524-B10A-665B6849A8F4}.Release|Any CPU.Build.0 = Release|Any CPU
		{044F8678-9294-46CB-8B12-6B81E7A74A36}.Debug|Any CPU.ActiveCfg = Debug|Any CPU
		{044F8678-9294-46CB-8B12-6B81E7A74A36}.Debug|Any CPU.Build.0 = Debug|Any CPU
		{044F8678-9294-46CB-8B12-6B81E7A74A36}.Release|Any CPU.ActiveCfg = Release|Any CPU
		{044F8678-9294-46CB-8B12-6B81E7A74A36}.Release|Any CPU.Build.0 = Release|Any CPU
		{932CAEF8-A109-4722-966F-8ACF3205899B}.Debug|Any CPU.ActiveCfg = Debug|Any CPU
		{932CAEF8-A109-4722-966F-8ACF3205899B}.Debug|Any CPU.Build.0 = Debug|Any CPU
		{932CAEF8-A109-4722-966F-8ACF3205899B}.Release|Any CPU.ActiveCfg = Release|Any CPU
		{932CAEF8-A109-4722-966F-8ACF3205899B}.Release|Any CPU.Build.0 = Release|Any CPU
	EndGlobalSection
	GlobalSection(SolutionProperties) = preSolution
		HideSolutionNode = FALSE
	EndGlobalSection
	GlobalSection(ExtensibilityGlobals) = postSolution
		SolutionGuid = {E68EC52D-B349-4EFA-9BA8-ED16EECA44A3}
	EndGlobalSection
EndGlobal
