
Microsoft Visual Studio Solution File, Format Version 12.00
# Visual Studio Version 16
VisualStudioVersion = 16.0.810.8
MinimumVisualStudioVersion = 10.0.40219.1
Project("{FAE04EC0-301F-11D3-BF4B-00C04F79EFBC}") = "Alar_Laanep_kodutoo1_kalkulaator", "Alar_Laanep_kodutoo1_kalkulaator\Alar_Laanep_kodutoo1_kalkulaator.csproj", "{3DBF8EB5-B568-4DD3-9FE8-CD4C2C991156}"
EndProject
Project("{FAE04EC0-301F-11D3-BF4B-00C04F79EFBC}") = "Alar_Laanep_kodutoo1_kysimused", "Alar_Laanep_kodutoo1_kysimused\Alar_Laanep_kodutoo1_kysimused.csproj", "{03DF5975-526B-42DC-8E94-A7422EAEBD15}"
EndProject
Project("{FAE04EC0-301F-11D3-BF4B-00C04F79EFBC}") = "Alar_Laanep_kodutoo1_pikkuse_hindaja", "Alar_Laanep_kodutoo1_pikkuse_hindaja\Alar_Laanep_kodutoo1_pikkuse_hindaja.csproj", "{A9288F27-E0FB-40C4-AF6F-6E8B9077F7A2}"
EndProject
Global
	GlobalSection(SolutionConfigurationPlatforms) = preSolution
		Debug|Any CPU = Debug|Any CPU
		Release|Any CPU = Release|Any CPU
	EndGlobalSection
	GlobalSection(ProjectConfigurationPlatforms) = postSolution
		{3DBF8EB5-B568-4DD3-9FE8-CD4C2C991156}.Debug|Any CPU.ActiveCfg = Debug|Any CPU
		{3DBF8EB5-B568-4DD3-9FE8-CD4C2C991156}.Debug|Any CPU.Build.0 = Debug|Any CPU
		{3DBF8EB5-B568-4DD3-9FE8-CD4C2C991156}.Release|Any CPU.ActiveCfg = Release|Any CPU
		{3DBF8EB5-B568-4DD3-9FE8-CD4C2C991156}.Release|Any CPU.Build.0 = Release|Any CPU
		{03DF5975-526B-42DC-8E94-A7422EAEBD15}.Debug|Any CPU.ActiveCfg = Debug|Any CPU
		{03DF5975-526B-42DC-8E94-A7422EAEBD15}.Debug|Any CPU.Build.0 = Debug|Any CPU
		{03DF5975-526B-42DC-8E94-A7422EAEBD15}.Release|Any CPU.ActiveCfg = Release|Any CPU
		{03DF5975-526B-42DC-8E94-A7422EAEBD15}.Release|Any CPU.Build.0 = Release|Any CPU
		{A9288F27-E0FB-40C4-AF6F-6E8B9077F7A2}.Debug|Any CPU.ActiveCfg = Debug|Any CPU
		{A9288F27-E0FB-40C4-AF6F-6E8B9077F7A2}.Debug|Any CPU.Build.0 = Debug|Any CPU
		{A9288F27-E0FB-40C4-AF6F-6E8B9077F7A2}.Release|Any CPU.ActiveCfg = Release|Any CPU
		{A9288F27-E0FB-40C4-AF6F-6E8B9077F7A2}.Release|Any CPU.Build.0 = Release|Any CPU
	EndGlobalSection
	GlobalSection(SolutionProperties) = preSolution
		HideSolutionNode = FALSE
	EndGlobalSection
	GlobalSection(ExtensibilityGlobals) = postSolution
		SolutionGuid = {3FC33D8E-AFE4-4F8C-9092-8B5F46E4C7DB}
	EndGlobalSection
EndGlobal
