
Microsoft Visual Studio Solution File, Format Version 12.00
# Visual Studio Version 16
VisualStudioVersion = 16.0.810.9
MinimumVisualStudioVersion = 10.0.40219.1
Project("{FAE04EC0-301F-11D3-BF4B-00C04F79EFBC}") = "EX01", "EX01\EX01.csproj", "{5AED037E-F6DE-4B5F-AF94-552143C429DD}"
EndProject
Project("{FAE04EC0-301F-11D3-BF4B-00C04F79EFBC}") = "EX02", "EX02\EX02.csproj", "{15CF5A8F-18E2-4D42-A7D0-9722E6578AF7}"
EndProject
Project("{FAE04EC0-301F-11D3-BF4B-00C04F79EFBC}") = "EX03", "EX03\EX03.csproj", "{E8CA9E6C-DEF0-4F65-A876-FB3ECD1EB300}"
EndProject
Project("{FAE04EC0-301F-11D3-BF4B-00C04F79EFBC}") = "EX04", "EX04\EX04.csproj", "{B79DD861-A768-4056-A6E2-68B80BE7BAFB}"
EndProject
Project("{FAE04EC0-301F-11D3-BF4B-00C04F79EFBC}") = "EX05", "EX05\EX05.csproj", "{7D077E1D-ACC1-497C-B5EA-822780668410}"
EndProject
Global
	GlobalSection(SolutionConfigurationPlatforms) = preSolution
		Debug|Any CPU = Debug|Any CPU
		Release|Any CPU = Release|Any CPU
	EndGlobalSection
	GlobalSection(ProjectConfigurationPlatforms) = postSolution
		{5AED037E-F6DE-4B5F-AF94-552143C429DD}.Debug|Any CPU.ActiveCfg = Debug|Any CPU
		{5AED037E-F6DE-4B5F-AF94-552143C429DD}.Debug|Any CPU.Build.0 = Debug|Any CPU
		{5AED037E-F6DE-4B5F-AF94-552143C429DD}.Release|Any CPU.ActiveCfg = Release|Any CPU
		{5AED037E-F6DE-4B5F-AF94-552143C429DD}.Release|Any CPU.Build.0 = Release|Any CPU
		{15CF5A8F-18E2-4D42-A7D0-9722E6578AF7}.Debug|Any CPU.ActiveCfg = Debug|Any CPU
		{15CF5A8F-18E2-4D42-A7D0-9722E6578AF7}.Debug|Any CPU.Build.0 = Debug|Any CPU
		{15CF5A8F-18E2-4D42-A7D0-9722E6578AF7}.Release|Any CPU.ActiveCfg = Release|Any CPU
		{15CF5A8F-18E2-4D42-A7D0-9722E6578AF7}.Release|Any CPU.Build.0 = Release|Any CPU
		{E8CA9E6C-DEF0-4F65-A876-FB3ECD1EB300}.Debug|Any CPU.ActiveCfg = Debug|Any CPU
		{E8CA9E6C-DEF0-4F65-A876-FB3ECD1EB300}.Debug|Any CPU.Build.0 = Debug|Any CPU
		{E8CA9E6C-DEF0-4F65-A876-FB3ECD1EB300}.Release|Any CPU.ActiveCfg = Release|Any CPU
		{E8CA9E6C-DEF0-4F65-A876-FB3ECD1EB300}.Release|Any CPU.Build.0 = Release|Any CPU
		{B79DD861-A768-4056-A6E2-68B80BE7BAFB}.Debug|Any CPU.ActiveCfg = Debug|Any CPU
		{B79DD861-A768-4056-A6E2-68B80BE7BAFB}.Debug|Any CPU.Build.0 = Debug|Any CPU
		{B79DD861-A768-4056-A6E2-68B80BE7BAFB}.Release|Any CPU.ActiveCfg = Release|Any CPU
		{B79DD861-A768-4056-A6E2-68B80BE7BAFB}.Release|Any CPU.Build.0 = Release|Any CPU
		{7D077E1D-ACC1-497C-B5EA-822780668410}.Debug|Any CPU.ActiveCfg = Debug|Any CPU
		{7D077E1D-ACC1-497C-B5EA-822780668410}.Debug|Any CPU.Build.0 = Debug|Any CPU
		{7D077E1D-ACC1-497C-B5EA-822780668410}.Release|Any CPU.ActiveCfg = Release|Any CPU
		{7D077E1D-ACC1-497C-B5EA-822780668410}.Release|Any CPU.Build.0 = Release|Any CPU
	EndGlobalSection
	GlobalSection(SolutionProperties) = preSolution
		HideSolutionNode = FALSE
	EndGlobalSection
	GlobalSection(ExtensibilityGlobals) = postSolution
		SolutionGuid = {B9AB907E-C3B9-46E3-B2AF-5DFF87C1208D}
	EndGlobalSection
EndGlobal
