
Microsoft Visual Studio Solution File, Format Version 12.00
# Visual Studio Version 16
VisualStudioVersion = 16.0.810.14
MinimumVisualStudioVersion = 10.0.40219.1
Project("{FAE04EC0-301F-11D3-BF4B-00C04F79EFBC}") = "Ex1", "Ex1\Ex1.csproj", "{9070ADE1-FF80-4267-B13E-C04A6C4B78B3}"
EndProject
Project("{FAE04EC0-301F-11D3-BF4B-00C04F79EFBC}") = "EX2", "EX2\EX2.csproj", "{219AA168-4471-4131-8F87-345DEC02571F}"
EndProject
Project("{FAE04EC0-301F-11D3-BF4B-00C04F79EFBC}") = "EX3", "EX3\EX3.csproj", "{76BBEFF1-562E-4802-AD0C-00F304611F48}"
EndProject
Project("{FAE04EC0-301F-11D3-BF4B-00C04F79EFBC}") = "EX4", "EX4\EX4.csproj", "{4351982E-CFCF-4A71-B455-8F71375E3E95}"
EndProject
Project("{FAE04EC0-301F-11D3-BF4B-00C04F79EFBC}") = "EX4Tests", "EX4Tests\EX4Tests.csproj", "{40342CF3-7267-4B5D-BA4C-99064215E95A}"
EndProject
Global
	GlobalSection(SolutionConfigurationPlatforms) = preSolution
		Debug|Any CPU = Debug|Any CPU
		Release|Any CPU = Release|Any CPU
	EndGlobalSection
	GlobalSection(ProjectConfigurationPlatforms) = postSolution
		{9070ADE1-FF80-4267-B13E-C04A6C4B78B3}.Debug|Any CPU.ActiveCfg = Debug|Any CPU
		{9070ADE1-FF80-4267-B13E-C04A6C4B78B3}.Debug|Any CPU.Build.0 = Debug|Any CPU
		{9070ADE1-FF80-4267-B13E-C04A6C4B78B3}.Release|Any CPU.ActiveCfg = Release|Any CPU
		{9070ADE1-FF80-4267-B13E-C04A6C4B78B3}.Release|Any CPU.Build.0 = Release|Any CPU
		{219AA168-4471-4131-8F87-345DEC02571F}.Debug|Any CPU.ActiveCfg = Debug|Any CPU
		{219AA168-4471-4131-8F87-345DEC02571F}.Debug|Any CPU.Build.0 = Debug|Any CPU
		{219AA168-4471-4131-8F87-345DEC02571F}.Release|Any CPU.ActiveCfg = Release|Any CPU
		{219AA168-4471-4131-8F87-345DEC02571F}.Release|Any CPU.Build.0 = Release|Any CPU
		{76BBEFF1-562E-4802-AD0C-00F304611F48}.Debug|Any CPU.ActiveCfg = Debug|Any CPU
		{76BBEFF1-562E-4802-AD0C-00F304611F48}.Debug|Any CPU.Build.0 = Debug|Any CPU
		{76BBEFF1-562E-4802-AD0C-00F304611F48}.Release|Any CPU.ActiveCfg = Release|Any CPU
		{76BBEFF1-562E-4802-AD0C-00F304611F48}.Release|Any CPU.Build.0 = Release|Any CPU
		{4351982E-CFCF-4A71-B455-8F71375E3E95}.Debug|Any CPU.ActiveCfg = Debug|Any CPU
		{4351982E-CFCF-4A71-B455-8F71375E3E95}.Debug|Any CPU.Build.0 = Debug|Any CPU
		{4351982E-CFCF-4A71-B455-8F71375E3E95}.Release|Any CPU.ActiveCfg = Release|Any CPU
		{4351982E-CFCF-4A71-B455-8F71375E3E95}.Release|Any CPU.Build.0 = Release|Any CPU
		{40342CF3-7267-4B5D-BA4C-99064215E95A}.Debug|Any CPU.ActiveCfg = Debug|Any CPU
		{40342CF3-7267-4B5D-BA4C-99064215E95A}.Debug|Any CPU.Build.0 = Debug|Any CPU
		{40342CF3-7267-4B5D-BA4C-99064215E95A}.Release|Any CPU.ActiveCfg = Release|Any CPU
		{40342CF3-7267-4B5D-BA4C-99064215E95A}.Release|Any CPU.Build.0 = Release|Any CPU
	EndGlobalSection
	GlobalSection(SolutionProperties) = preSolution
		HideSolutionNode = FALSE
	EndGlobalSection
	GlobalSection(ExtensibilityGlobals) = postSolution
		SolutionGuid = {4D214103-FFC4-4C2F-B5DE-35635D67CE86}
	EndGlobalSection
EndGlobal
