
Microsoft Visual Studio Solution File, Format Version 12.00
# Visual Studio Version 16
VisualStudioVersion = 16.0.810.12
MinimumVisualStudioVersion = 10.0.40219.1
Project("{FAE04EC0-301F-11D3-BF4B-00C04F79EFBC}") = "BusSystemTests", "BusSystemTests.csproj", "{C507DFA6-0501-404E-9200-00842BCFEC70}"
EndProject
Global
	GlobalSection(SolutionConfigurationPlatforms) = preSolution
		Debug|Any CPU = Debug|Any CPU
		Release|Any CPU = Release|Any CPU
	EndGlobalSection
	GlobalSection(ProjectConfigurationPlatforms) = postSolution
		{C507DFA6-0501-404E-9200-00842BCFEC70}.Debug|Any CPU.ActiveCfg = Debug|Any CPU
		{C507DFA6-0501-404E-9200-00842BCFEC70}.Debug|Any CPU.Build.0 = Debug|Any CPU
		{C507DFA6-0501-404E-9200-00842BCFEC70}.Release|Any CPU.ActiveCfg = Release|Any CPU
		{C507DFA6-0501-404E-9200-00842BCFEC70}.Release|Any CPU.Build.0 = Release|Any CPU
	EndGlobalSection
	GlobalSection(SolutionProperties) = preSolution
		HideSolutionNode = FALSE
	EndGlobalSection
	GlobalSection(ExtensibilityGlobals) = postSolution
		SolutionGuid = {02C2AD29-2D2A-4478-9EEA-8A9348A03341}
	EndGlobalSection
EndGlobal
