
Microsoft Visual Studio Solution File, Format Version 12.00
# Visual Studio Version 16
VisualStudioVersion = 16.0.810.11
MinimumVisualStudioVersion = 10.0.40219.1
Project("{FAE04EC0-301F-11D3-BF4B-00C04F79EFBC}") = "Laanep_KT", "Laanep_KT\Laanep_KT.csproj", "{5228AC9B-60D2-43B8-9652-C26CB5EBE5BB}"
EndProject
Global
	GlobalSection(SolutionConfigurationPlatforms) = preSolution
		Debug|Any CPU = Debug|Any CPU
		Release|Any CPU = Release|Any CPU
	EndGlobalSection
	GlobalSection(ProjectConfigurationPlatforms) = postSolution
		{5228AC9B-60D2-43B8-9652-C26CB5EBE5BB}.Debug|Any CPU.ActiveCfg = Debug|Any CPU
		{5228AC9B-60D2-43B8-9652-C26CB5EBE5BB}.Debug|Any CPU.Build.0 = Debug|Any CPU
		{5228AC9B-60D2-43B8-9652-C26CB5EBE5BB}.Release|Any CPU.ActiveCfg = Release|Any CPU
		{5228AC9B-60D2-43B8-9652-C26CB5EBE5BB}.Release|Any CPU.Build.0 = Release|Any CPU
	EndGlobalSection
	GlobalSection(SolutionProperties) = preSolution
		HideSolutionNode = FALSE
	EndGlobalSection
	GlobalSection(ExtensibilityGlobals) = postSolution
		SolutionGuid = {16A3422D-4397-4A68-B4B8-1029B55E2C27}
	EndGlobalSection
EndGlobal
