
Microsoft Visual Studio Solution File, Format Version 12.00
# Visual Studio Version 16
VisualStudioVersion = 16.0.810.16
MinimumVisualStudioVersion = 10.0.40219.1
Project("{FAE04EC0-301F-11D3-BF4B-00C04F79EFBC}") = "GoFish", "GoFish\GoFish.csproj", "{323B17A6-E2C1-4FB1-A63D-B81BDB100B35}"
EndProject
Project("{FAE04EC0-301F-11D3-BF4B-00C04F79EFBC}") = "GoFishTests", "GoFishTests\GoFishTests.csproj", "{236C1810-E758-4881-908B-9716D34EA856}"
EndProject
Project("{2150E333-8FDC-42A3-9474-1A3956D46DE8}") = "Solution Items", "Solution Items", "{0788D728-C93A-4A65-A4F0-9D2973AC93F1}"
EndProject
Global
	GlobalSection(SolutionConfigurationPlatforms) = preSolution
		Debug|Any CPU = Debug|Any CPU
		Release|Any CPU = Release|Any CPU
	EndGlobalSection
	GlobalSection(ProjectConfigurationPlatforms) = postSolution
		{323B17A6-E2C1-4FB1-A63D-B81BDB100B35}.Debug|Any CPU.ActiveCfg = Debug|Any CPU
		{323B17A6-E2C1-4FB1-A63D-B81BDB100B35}.Debug|Any CPU.Build.0 = Debug|Any CPU
		{323B17A6-E2C1-4FB1-A63D-B81BDB100B35}.Release|Any CPU.ActiveCfg = Release|Any CPU
		{323B17A6-E2C1-4FB1-A63D-B81BDB100B35}.Release|Any CPU.Build.0 = Release|Any CPU
		{236C1810-E758-4881-908B-9716D34EA856}.Debug|Any CPU.ActiveCfg = Debug|Any CPU
		{236C1810-E758-4881-908B-9716D34EA856}.Debug|Any CPU.Build.0 = Debug|Any CPU
		{236C1810-E758-4881-908B-9716D34EA856}.Release|Any CPU.ActiveCfg = Release|Any CPU
		{236C1810-E758-4881-908B-9716D34EA856}.Release|Any CPU.Build.0 = Release|Any CPU
	EndGlobalSection
	GlobalSection(SolutionProperties) = preSolution
		HideSolutionNode = FALSE
	EndGlobalSection
	GlobalSection(ExtensibilityGlobals) = postSolution
		SolutionGuid = {7CA23B31-189C-4BD2-91D8-E1295434D3B6}
	EndGlobalSection
EndGlobal
