
Microsoft Visual Studio Solution File, Format Version 12.00
# Visual Studio Version 16
VisualStudioVersion = 16.0.31729.503
MinimumVisualStudioVersion = 10.0.40219.1
Project("{FAE04EC0-301F-11D3-BF4B-00C04F79EFBC}") = "WinCalculator", "WinCalculator\WinCalculator.csproj", "{C8B4A667-8729-496B-B4BC-E1404C0E825A}"
EndProject
Global
	GlobalSection(SolutionConfigurationPlatforms) = preSolution
		Debug|Any CPU = Debug|Any CPU
		Release|Any CPU = Release|Any CPU
	EndGlobalSection
	GlobalSection(ProjectConfigurationPlatforms) = postSolution
		{C8B4A667-8729-496B-B4BC-E1404C0E825A}.Debug|Any CPU.ActiveCfg = Debug|Any CPU
		{C8B4A667-8729-496B-B4BC-E1404C0E825A}.Debug|Any CPU.Build.0 = Debug|Any CPU
		{C8B4A667-8729-496B-B4BC-E1404C0E825A}.Release|Any CPU.ActiveCfg = Release|Any CPU
		{C8B4A667-8729-496B-B4BC-E1404C0E825A}.Release|Any CPU.Build.0 = Release|Any CPU
	EndGlobalSection
	GlobalSection(SolutionProperties) = preSolution
		HideSolutionNode = FALSE
	EndGlobalSection
	GlobalSection(ExtensibilityGlobals) = postSolution
		SolutionGuid = {08AFEDB5-35E9-4BF3-8F21-FFAE1C5D022A}
	EndGlobalSection
EndGlobal
