
Microsoft Visual Studio Solution File, Format Version 12.00
# Visual Studio Version 16
VisualStudioVersion = 16.0.810.11
MinimumVisualStudioVersion = 10.0.40219.1
Project("{FAE04EC0-301F-11D3-BF4B-00C04F79EFBC}") = "4d6roll", "4d6roll\4d6roll.csproj", "{623D259F-3EF8-4931-AE73-239E8AADF4AC}"
EndProject
Global
	GlobalSection(SolutionConfigurationPlatforms) = preSolution
		Debug|Any CPU = Debug|Any CPU
		Release|Any CPU = Release|Any CPU
	EndGlobalSection
	GlobalSection(ProjectConfigurationPlatforms) = postSolution
		{623D259F-3EF8-4931-AE73-239E8AADF4AC}.Debug|Any CPU.ActiveCfg = Debug|Any CPU
		{623D259F-3EF8-4931-AE73-239E8AADF4AC}.Debug|Any CPU.Build.0 = Debug|Any CPU
		{623D259F-3EF8-4931-AE73-239E8AADF4AC}.Release|Any CPU.ActiveCfg = Release|Any CPU
		{623D259F-3EF8-4931-AE73-239E8AADF4AC}.Release|Any CPU.Build.0 = Release|Any CPU
	EndGlobalSection
	GlobalSection(SolutionProperties) = preSolution
		HideSolutionNode = FALSE
	EndGlobalSection
	GlobalSection(ExtensibilityGlobals) = postSolution
		SolutionGuid = {4E2CBB45-9D0B-47CE-A3A4-A06173205CB3}
	EndGlobalSection
EndGlobal
