
Microsoft Visual Studio Solution File, Format Version 12.00
# Visual Studio Version 16
VisualStudioVersion = 16.0.810.14
MinimumVisualStudioVersion = 10.0.40219.1
Project("{FAE04EC0-301F-11D3-BF4B-00C04F79EFBC}") = "EX1", "EX1\EX1.csproj", "{6AE964AD-2766-42BC-844C-2D9532B17BE9}"
EndProject
Project("{FAE04EC0-301F-11D3-BF4B-00C04F79EFBC}") = "TestCountryCode", "TestCountryCode\TestCountryCode.csproj", "{E14547B8-AFA1-4F14-B402-5E700299F1F7}"
EndProject
Global
	GlobalSection(SolutionConfigurationPlatforms) = preSolution
		Debug|Any CPU = Debug|Any CPU
		Release|Any CPU = Release|Any CPU
	EndGlobalSection
	GlobalSection(ProjectConfigurationPlatforms) = postSolution
		{6AE964AD-2766-42BC-844C-2D9532B17BE9}.Debug|Any CPU.ActiveCfg = Debug|Any CPU
		{6AE964AD-2766-42BC-844C-2D9532B17BE9}.Debug|Any CPU.Build.0 = Debug|Any CPU
		{6AE964AD-2766-42BC-844C-2D9532B17BE9}.Release|Any CPU.ActiveCfg = Release|Any CPU
		{6AE964AD-2766-42BC-844C-2D9532B17BE9}.Release|Any CPU.Build.0 = Release|Any CPU
		{E14547B8-AFA1-4F14-B402-5E700299F1F7}.Debug|Any CPU.ActiveCfg = Debug|Any CPU
		{E14547B8-AFA1-4F14-B402-5E700299F1F7}.Debug|Any CPU.Build.0 = Debug|Any CPU
		{E14547B8-AFA1-4F14-B402-5E700299F1F7}.Release|Any CPU.ActiveCfg = Release|Any CPU
		{E14547B8-AFA1-4F14-B402-5E700299F1F7}.Release|Any CPU.Build.0 = Release|Any CPU
	EndGlobalSection
	GlobalSection(SolutionProperties) = preSolution
		HideSolutionNode = FALSE
	EndGlobalSection
	GlobalSection(ExtensibilityGlobals) = postSolution
		SolutionGuid = {60068B88-0627-4F7B-ACAE-DAE4A256E917}
	EndGlobalSection
EndGlobal
