
Microsoft Visual Studio Solution File, Format Version 12.00
# Visual Studio Version 16
VisualStudioVersion = 16.0.810.8
MinimumVisualStudioVersion = 10.0.40219.1
Project("{FAE04EC0-301F-11D3-BF4B-00C04F79EFBC}") = "EX1", "EX1\EX1.csproj", "{FD3241BE-443B-4FCD-A943-300387E8B33B}"
EndProject
Project("{FAE04EC0-301F-11D3-BF4B-00C04F79EFBC}") = "EX2", "EX2\EX2.csproj", "{2881E50C-1A09-4BCF-89A6-EE3C22A49D2C}"
EndProject
Project("{FAE04EC0-301F-11D3-BF4B-00C04F79EFBC}") = "EX3", "EX3\EX3.csproj", "{50AFBBC4-411B-40F9-B004-EFAE65414300}"
EndProject
Project("{FAE04EC0-301F-11D3-BF4B-00C04F79EFBC}") = "EX4", "EX4\EX4.csproj", "{68EBE332-09A0-4F6A-9D43-17D111A2DDF3}"
EndProject
Project("{FAE04EC0-301F-11D3-BF4B-00C04F79EFBC}") = "EX5", "EX5\EX5.csproj", "{31D08319-E25F-43CF-9A6A-B122F1DD9A0B}"
EndProject
Global
	GlobalSection(SolutionConfigurationPlatforms) = preSolution
		Debug|Any CPU = Debug|Any CPU
		Release|Any CPU = Release|Any CPU
	EndGlobalSection
	GlobalSection(ProjectConfigurationPlatforms) = postSolution
		{FD3241BE-443B-4FCD-A943-300387E8B33B}.Debug|Any CPU.ActiveCfg = Debug|Any CPU
		{FD3241BE-443B-4FCD-A943-300387E8B33B}.Debug|Any CPU.Build.0 = Debug|Any CPU
		{FD3241BE-443B-4FCD-A943-300387E8B33B}.Release|Any CPU.ActiveCfg = Release|Any CPU
		{FD3241BE-443B-4FCD-A943-300387E8B33B}.Release|Any CPU.Build.0 = Release|Any CPU
		{2881E50C-1A09-4BCF-89A6-EE3C22A49D2C}.Debug|Any CPU.ActiveCfg = Debug|Any CPU
		{2881E50C-1A09-4BCF-89A6-EE3C22A49D2C}.Debug|Any CPU.Build.0 = Debug|Any CPU
		{2881E50C-1A09-4BCF-89A6-EE3C22A49D2C}.Release|Any CPU.ActiveCfg = Release|Any CPU
		{2881E50C-1A09-4BCF-89A6-EE3C22A49D2C}.Release|Any CPU.Build.0 = Release|Any CPU
		{50AFBBC4-411B-40F9-B004-EFAE65414300}.Debug|Any CPU.ActiveCfg = Debug|Any CPU
		{50AFBBC4-411B-40F9-B004-EFAE65414300}.Debug|Any CPU.Build.0 = Debug|Any CPU
		{50AFBBC4-411B-40F9-B004-EFAE65414300}.Release|Any CPU.ActiveCfg = Release|Any CPU
		{50AFBBC4-411B-40F9-B004-EFAE65414300}.Release|Any CPU.Build.0 = Release|Any CPU
		{68EBE332-09A0-4F6A-9D43-17D111A2DDF3}.Debug|Any CPU.ActiveCfg = Debug|Any CPU
		{68EBE332-09A0-4F6A-9D43-17D111A2DDF3}.Debug|Any CPU.Build.0 = Debug|Any CPU
		{68EBE332-09A0-4F6A-9D43-17D111A2DDF3}.Release|Any CPU.ActiveCfg = Release|Any CPU
		{68EBE332-09A0-4F6A-9D43-17D111A2DDF3}.Release|Any CPU.Build.0 = Release|Any CPU
		{31D08319-E25F-43CF-9A6A-B122F1DD9A0B}.Debug|Any CPU.ActiveCfg = Debug|Any CPU
		{31D08319-E25F-43CF-9A6A-B122F1DD9A0B}.Debug|Any CPU.Build.0 = Debug|Any CPU
		{31D08319-E25F-43CF-9A6A-B122F1DD9A0B}.Release|Any CPU.ActiveCfg = Release|Any CPU
		{31D08319-E25F-43CF-9A6A-B122F1DD9A0B}.Release|Any CPU.Build.0 = Release|Any CPU
	EndGlobalSection
	GlobalSection(SolutionProperties) = preSolution
		HideSolutionNode = FALSE
	EndGlobalSection
	GlobalSection(ExtensibilityGlobals) = postSolution
		SolutionGuid = {8CC0E112-2FC1-4A0F-8226-926F50BAB110}
	EndGlobalSection
EndGlobal
