
Microsoft Visual Studio Solution File, Format Version 12.00
# Visual Studio Version 16
VisualStudioVersion = 16.0.810.8
MinimumVisualStudioVersion = 10.0.40219.1
Project("{FAE04EC0-301F-11D3-BF4B-00C04F79EFBC}") = "EX1", "EX1\EX1.csproj", "{5CDAB8BC-A95A-42BE-AB07-E66B1371114D}"
EndProject
Project("{FAE04EC0-301F-11D3-BF4B-00C04F79EFBC}") = "EX2", "EX2\EX2.csproj", "{966F9F58-9AD0-40D7-AF43-2E500EA3A2D3}"
EndProject
Project("{FAE04EC0-301F-11D3-BF4B-00C04F79EFBC}") = "EX03", "EX03\EX03.csproj", "{8B1C6276-8772-42D5-8157-A670776AA728}"
EndProject
Project("{FAE04EC0-301F-11D3-BF4B-00C04F79EFBC}") = "EX04", "EX04\EX04.csproj", "{51F2FF2E-874B-4550-9147-D4FF830E4666}"
EndProject
Project("{FAE04EC0-301F-11D3-BF4B-00C04F79EFBC}") = "EX05", "EX05\EX05.csproj", "{A96557CC-BE01-4018-9E23-5A0D3D205597}"
EndProject
Global
	GlobalSection(SolutionConfigurationPlatforms) = preSolution
		Debug|Any CPU = Debug|Any CPU
		Release|Any CPU = Release|Any CPU
	EndGlobalSection
	GlobalSection(ProjectConfigurationPlatforms) = postSolution
		{5CDAB8BC-A95A-42BE-AB07-E66B1371114D}.Debug|Any CPU.ActiveCfg = Debug|Any CPU
		{5CDAB8BC-A95A-42BE-AB07-E66B1371114D}.Debug|Any CPU.Build.0 = Debug|Any CPU
		{5CDAB8BC-A95A-42BE-AB07-E66B1371114D}.Release|Any CPU.ActiveCfg = Release|Any CPU
		{5CDAB8BC-A95A-42BE-AB07-E66B1371114D}.Release|Any CPU.Build.0 = Release|Any CPU
		{966F9F58-9AD0-40D7-AF43-2E500EA3A2D3}.Debug|Any CPU.ActiveCfg = Debug|Any CPU
		{966F9F58-9AD0-40D7-AF43-2E500EA3A2D3}.Debug|Any CPU.Build.0 = Debug|Any CPU
		{966F9F58-9AD0-40D7-AF43-2E500EA3A2D3}.Release|Any CPU.ActiveCfg = Release|Any CPU
		{966F9F58-9AD0-40D7-AF43-2E500EA3A2D3}.Release|Any CPU.Build.0 = Release|Any CPU
		{8B1C6276-8772-42D5-8157-A670776AA728}.Debug|Any CPU.ActiveCfg = Debug|Any CPU
		{8B1C6276-8772-42D5-8157-A670776AA728}.Debug|Any CPU.Build.0 = Debug|Any CPU
		{8B1C6276-8772-42D5-8157-A670776AA728}.Release|Any CPU.ActiveCfg = Release|Any CPU
		{8B1C6276-8772-42D5-8157-A670776AA728}.Release|Any CPU.Build.0 = Release|Any CPU
		{51F2FF2E-874B-4550-9147-D4FF830E4666}.Debug|Any CPU.ActiveCfg = Debug|Any CPU
		{51F2FF2E-874B-4550-9147-D4FF830E4666}.Debug|Any CPU.Build.0 = Debug|Any CPU
		{51F2FF2E-874B-4550-9147-D4FF830E4666}.Release|Any CPU.ActiveCfg = Release|Any CPU
		{51F2FF2E-874B-4550-9147-D4FF830E4666}.Release|Any CPU.Build.0 = Release|Any CPU
		{A96557CC-BE01-4018-9E23-5A0D3D205597}.Debug|Any CPU.ActiveCfg = Debug|Any CPU
		{A96557CC-BE01-4018-9E23-5A0D3D205597}.Debug|Any CPU.Build.0 = Debug|Any CPU
		{A96557CC-BE01-4018-9E23-5A0D3D205597}.Release|Any CPU.ActiveCfg = Release|Any CPU
		{A96557CC-BE01-4018-9E23-5A0D3D205597}.Release|Any CPU.Build.0 = Release|Any CPU
	EndGlobalSection
	GlobalSection(SolutionProperties) = preSolution
		HideSolutionNode = FALSE
	EndGlobalSection
	GlobalSection(ExtensibilityGlobals) = postSolution
		SolutionGuid = {19FF2665-8C5B-4B47-9295-9A7DCB4F436B}
	EndGlobalSection
EndGlobal
