
Microsoft Visual Studio Solution File, Format Version 12.00
# Visual Studio Version 16
VisualStudioVersion = 16.0.810.16
MinimumVisualStudioVersion = 10.0.40219.1
Project("{FAE04EC0-301F-11D3-BF4B-00C04F79EFBC}") = "LinqTest", "LinqTest\LinqTest.csproj", "{7B465591-946E-4A55-990D-2DE45792B49A}"
EndProject
Project("{FAE04EC0-301F-11D3-BF4B-00C04F79EFBC}") = "LinqComics", "LinqComics\LinqComics.csproj", "{258D2781-F2D8-4331-873E-8F6F83251B79}"
EndProject
Project("{FAE04EC0-301F-11D3-BF4B-00C04F79EFBC}") = "PrintWhenGetting", "PrintWhenGetting\PrintWhenGetting.csproj", "{4A19C6A5-4768-4568-A272-EECD6A230F45}"
EndProject
Project("{FAE04EC0-301F-11D3-BF4B-00C04F79EFBC}") = "CardLinq", "CardLinq\CardLinq.csproj", "{1D85D60F-C4B0-472A-B52A-42182C23DE53}"
EndProject
Project("{FAE04EC0-301F-11D3-BF4B-00C04F79EFBC}") = "JimmyLinq", "JimmyLinq\JimmyLinq.csproj", "{142C9923-FCD0-44BA-8B4B-9267EC500A56}"
EndProject
Project("{FAE04EC0-301F-11D3-BF4B-00C04F79EFBC}") = "JimmyLinqUnitTests", "JimmyLinqUnitTests\JimmyLinqUnitTests.csproj", "{EF25EFDE-E343-47C1-B6FA-AE86D1521537}"
EndProject
Project("{FAE04EC0-301F-11D3-BF4B-00C04F79EFBC}") = "LambdaTestDrive", "LambdaTestDrive\LambdaTestDrive.csproj", "{C663B4F0-5BA6-4799-9471-379A850B170F}"
EndProject
Project("{FAE04EC0-301F-11D3-BF4B-00C04F79EFBC}") = "Enumerable", "Enumerable\Enumerable.csproj", "{881E0E92-B95C-49F0-98A7-85BC086A9EAF}"
EndProject
Global
	GlobalSection(SolutionConfigurationPlatforms) = preSolution
		Debug|Any CPU = Debug|Any CPU
		Release|Any CPU = Release|Any CPU
	EndGlobalSection
	GlobalSection(ProjectConfigurationPlatforms) = postSolution
		{7B465591-946E-4A55-990D-2DE45792B49A}.Debug|Any CPU.ActiveCfg = Debug|Any CPU
		{7B465591-946E-4A55-990D-2DE45792B49A}.Debug|Any CPU.Build.0 = Debug|Any CPU
		{7B465591-946E-4A55-990D-2DE45792B49A}.Release|Any CPU.ActiveCfg = Release|Any CPU
		{7B465591-946E-4A55-990D-2DE45792B49A}.Release|Any CPU.Build.0 = Release|Any CPU
		{258D2781-F2D8-4331-873E-8F6F83251B79}.Debug|Any CPU.ActiveCfg = Debug|Any CPU
		{258D2781-F2D8-4331-873E-8F6F83251B79}.Debug|Any CPU.Build.0 = Debug|Any CPU
		{258D2781-F2D8-4331-873E-8F6F83251B79}.Release|Any CPU.ActiveCfg = Release|Any CPU
		{258D2781-F2D8-4331-873E-8F6F83251B79}.Release|Any CPU.Build.0 = Release|Any CPU
		{4A19C6A5-4768-4568-A272-EECD6A230F45}.Debug|Any CPU.ActiveCfg = Debug|Any CPU
		{4A19C6A5-4768-4568-A272-EECD6A230F45}.Debug|Any CPU.Build.0 = Debug|Any CPU
		{4A19C6A5-4768-4568-A272-EECD6A230F45}.Release|Any CPU.ActiveCfg = Release|Any CPU
		{4A19C6A5-4768-4568-A272-EECD6A230F45}.Release|Any CPU.Build.0 = Release|Any CPU
		{1D85D60F-C4B0-472A-B52A-42182C23DE53}.Debug|Any CPU.ActiveCfg = Debug|Any CPU
		{1D85D60F-C4B0-472A-B52A-42182C23DE53}.Debug|Any CPU.Build.0 = Debug|Any CPU
		{1D85D60F-C4B0-472A-B52A-42182C23DE53}.Release|Any CPU.ActiveCfg = Release|Any CPU
		{1D85D60F-C4B0-472A-B52A-42182C23DE53}.Release|Any CPU.Build.0 = Release|Any CPU
		{142C9923-FCD0-44BA-8B4B-9267EC500A56}.Debug|Any CPU.ActiveCfg = Debug|Any CPU
		{142C9923-FCD0-44BA-8B4B-9267EC500A56}.Debug|Any CPU.Build.0 = Debug|Any CPU
		{142C9923-FCD0-44BA-8B4B-9267EC500A56}.Release|Any CPU.ActiveCfg = Release|Any CPU
		{142C9923-FCD0-44BA-8B4B-9267EC500A56}.Release|Any CPU.Build.0 = Release|Any CPU
		{EF25EFDE-E343-47C1-B6FA-AE86D1521537}.Debug|Any CPU.ActiveCfg = Debug|Any CPU
		{EF25EFDE-E343-47C1-B6FA-AE86D1521537}.Debug|Any CPU.Build.0 = Debug|Any CPU
		{EF25EFDE-E343-47C1-B6FA-AE86D1521537}.Release|Any CPU.ActiveCfg = Release|Any CPU
		{EF25EFDE-E343-47C1-B6FA-AE86D1521537}.Release|Any CPU.Build.0 = Release|Any CPU
		{C663B4F0-5BA6-4799-9471-379A850B170F}.Debug|Any CPU.ActiveCfg = Debug|Any CPU
		{C663B4F0-5BA6-4799-9471-379A850B170F}.Debug|Any CPU.Build.0 = Debug|Any CPU
		{C663B4F0-5BA6-4799-9471-379A850B170F}.Release|Any CPU.ActiveCfg = Release|Any CPU
		{C663B4F0-5BA6-4799-9471-379A850B170F}.Release|Any CPU.Build.0 = Release|Any CPU
		{881E0E92-B95C-49F0-98A7-85BC086A9EAF}.Debug|Any CPU.ActiveCfg = Debug|Any CPU
		{881E0E92-B95C-49F0-98A7-85BC086A9EAF}.Debug|Any CPU.Build.0 = Debug|Any CPU
		{881E0E92-B95C-49F0-98A7-85BC086A9EAF}.Release|Any CPU.ActiveCfg = Release|Any CPU
		{881E0E92-B95C-49F0-98A7-85BC086A9EAF}.Release|Any CPU.Build.0 = Release|Any CPU
	EndGlobalSection
	GlobalSection(SolutionProperties) = preSolution
		HideSolutionNode = FALSE
	EndGlobalSection
	GlobalSection(ExtensibilityGlobals) = postSolution
		SolutionGuid = {31E00932-22A7-46AC-99C7-BDBDCDCA2229}
	EndGlobalSection
EndGlobal
