
Microsoft Visual Studio Solution File, Format Version 12.00
# Visual Studio Version 16
VisualStudioVersion = 16.0.810.10
MinimumVisualStudioVersion = 10.0.40219.1
Project("{FAE04EC0-301F-11D3-BF4B-00C04F79EFBC}") = "EX01", "EX01\EX01.csproj", "{2B6DD12D-EADC-48C7-854C-A63B50D7782D}"
EndProject
Project("{2150E333-8FDC-42A3-9474-1A3956D46DE8}") = "Solution Items", "Solution Items", "{14CCC459-BD75-44C9-85A5-841498FE3F57}"
	ProjectSection(SolutionItems) = preProject
		task1.txt = task1.txt
	EndProjectSection
EndProject
Global
	GlobalSection(SolutionConfigurationPlatforms) = preSolution
		Debug|Any CPU = Debug|Any CPU
		Release|Any CPU = Release|Any CPU
	EndGlobalSection
	GlobalSection(ProjectConfigurationPlatforms) = postSolution
		{2B6DD12D-EADC-48C7-854C-A63B50D7782D}.Debug|Any CPU.ActiveCfg = Debug|Any CPU
		{2B6DD12D-EADC-48C7-854C-A63B50D7782D}.Debug|Any CPU.Build.0 = Debug|Any CPU
		{2B6DD12D-EADC-48C7-854C-A63B50D7782D}.Release|Any CPU.ActiveCfg = Release|Any CPU
		{2B6DD12D-EADC-48C7-854C-A63B50D7782D}.Release|Any CPU.Build.0 = Release|Any CPU
	EndGlobalSection
	GlobalSection(SolutionProperties) = preSolution
		HideSolutionNode = FALSE
	EndGlobalSection
	GlobalSection(ExtensibilityGlobals) = postSolution
		SolutionGuid = {1FC62754-E261-4A1E-8C08-056CBEB6EDA1}
	EndGlobalSection
EndGlobal
