
Microsoft Visual Studio Solution File, Format Version 12.00
# Visual Studio Version 16
VisualStudioVersion = 16.0.810.8
MinimumVisualStudioVersion = 10.0.40219.1
Project("{FAE04EC0-301F-11D3-BF4B-00C04F79EFBC}") = "CaesarCipher", "CaesarCipher\CaesarCipher.csproj", "{A40B7087-7DD7-4291-B807-3D713FC99D23}"
EndProject
Global
	GlobalSection(SolutionConfigurationPlatforms) = preSolution
		Debug|Any CPU = Debug|Any CPU
		Release|Any CPU = Release|Any CPU
	EndGlobalSection
	GlobalSection(ProjectConfigurationPlatforms) = postSolution
		{A40B7087-7DD7-4291-B807-3D713FC99D23}.Debug|Any CPU.ActiveCfg = Debug|Any CPU
		{A40B7087-7DD7-4291-B807-3D713FC99D23}.Debug|Any CPU.Build.0 = Debug|Any CPU
		{A40B7087-7DD7-4291-B807-3D713FC99D23}.Release|Any CPU.ActiveCfg = Release|Any CPU
		{A40B7087-7DD7-4291-B807-3D713FC99D23}.Release|Any CPU.Build.0 = Release|Any CPU
	EndGlobalSection
	GlobalSection(SolutionProperties) = preSolution
		HideSolutionNode = FALSE
	EndGlobalSection
	GlobalSection(ExtensibilityGlobals) = postSolution
		SolutionGuid = {47219A2D-7D9F-4443-A18B-E55655D99C1A}
	EndGlobalSection
EndGlobal
