
Microsoft Visual Studio Solution File, Format Version 12.00
# Visual Studio Version 16
VisualStudioVersion = 16.0.810.16
MinimumVisualStudioVersion = 10.0.40219.1
Project("{FAE04EC0-301F-11D3-BF4B-00C04F79EFBC}") = "Cards", "Cards\Cards.csproj", "{C41EBEF8-665C-4AA4-880F-D6F2AF6B37E7}"
EndProject
Project("{FAE04EC0-301F-11D3-BF4B-00C04F79EFBC}") = "Shoes", "Shoes\Shoes.csproj", "{DC96D766-0E8A-43A0-9980-EB613D48198F}"
EndProject
Project("{FAE04EC0-301F-11D3-BF4B-00C04F79EFBC}") = "Duck", "Duck\Duck.csproj", "{6464072D-8EC0-4A9E-A10B-A4C9A7E6DDDF}"
EndProject
Project("{FAE04EC0-301F-11D3-BF4B-00C04F79EFBC}") = "Yankees", "Yankees\Yankees.csproj", "{5584341F-FDCB-4004-AEA7-DD4E3C72A622}"
EndProject
Project("{FAE04EC0-301F-11D3-BF4B-00C04F79EFBC}") = "Lumberjack", "Lumberjack\Lumberjack.csproj", "{B4FE58FF-1C1B-4C93-882A-FE940CAC9FDE}"
EndProject
Project("{FAE04EC0-301F-11D3-BF4B-00C04F79EFBC}") = "DeckOfCards", "DeckOfCards\DeckOfCards.csproj", "{42CA81D3-3A0A-456B-BE6B-B71D99F5943B}"
EndProject
Global
	GlobalSection(SolutionConfigurationPlatforms) = preSolution
		Debug|Any CPU = Debug|Any CPU
		Release|Any CPU = Release|Any CPU
	EndGlobalSection
	GlobalSection(ProjectConfigurationPlatforms) = postSolution
		{C41EBEF8-665C-4AA4-880F-D6F2AF6B37E7}.Debug|Any CPU.ActiveCfg = Debug|Any CPU
		{C41EBEF8-665C-4AA4-880F-D6F2AF6B37E7}.Debug|Any CPU.Build.0 = Debug|Any CPU
		{C41EBEF8-665C-4AA4-880F-D6F2AF6B37E7}.Release|Any CPU.ActiveCfg = Release|Any CPU
		{C41EBEF8-665C-4AA4-880F-D6F2AF6B37E7}.Release|Any CPU.Build.0 = Release|Any CPU
		{DC96D766-0E8A-43A0-9980-EB613D48198F}.Debug|Any CPU.ActiveCfg = Debug|Any CPU
		{DC96D766-0E8A-43A0-9980-EB613D48198F}.Debug|Any CPU.Build.0 = Debug|Any CPU
		{DC96D766-0E8A-43A0-9980-EB613D48198F}.Release|Any CPU.ActiveCfg = Release|Any CPU
		{DC96D766-0E8A-43A0-9980-EB613D48198F}.Release|Any CPU.Build.0 = Release|Any CPU
		{6464072D-8EC0-4A9E-A10B-A4C9A7E6DDDF}.Debug|Any CPU.ActiveCfg = Debug|Any CPU
		{6464072D-8EC0-4A9E-A10B-A4C9A7E6DDDF}.Debug|Any CPU.Build.0 = Debug|Any CPU
		{6464072D-8EC0-4A9E-A10B-A4C9A7E6DDDF}.Release|Any CPU.ActiveCfg = Release|Any CPU
		{6464072D-8EC0-4A9E-A10B-A4C9A7E6DDDF}.Release|Any CPU.Build.0 = Release|Any CPU
		{5584341F-FDCB-4004-AEA7-DD4E3C72A622}.Debug|Any CPU.ActiveCfg = Debug|Any CPU
		{5584341F-FDCB-4004-AEA7-DD4E3C72A622}.Debug|Any CPU.Build.0 = Debug|Any CPU
		{5584341F-FDCB-4004-AEA7-DD4E3C72A622}.Release|Any CPU.ActiveCfg = Release|Any CPU
		{5584341F-FDCB-4004-AEA7-DD4E3C72A622}.Release|Any CPU.Build.0 = Release|Any CPU
		{B4FE58FF-1C1B-4C93-882A-FE940CAC9FDE}.Debug|Any CPU.ActiveCfg = Debug|Any CPU
		{B4FE58FF-1C1B-4C93-882A-FE940CAC9FDE}.Debug|Any CPU.Build.0 = Debug|Any CPU
		{B4FE58FF-1C1B-4C93-882A-FE940CAC9FDE}.Release|Any CPU.ActiveCfg = Release|Any CPU
		{B4FE58FF-1C1B-4C93-882A-FE940CAC9FDE}.Release|Any CPU.Build.0 = Release|Any CPU
		{42CA81D3-3A0A-456B-BE6B-B71D99F5943B}.Debug|Any CPU.ActiveCfg = Debug|Any CPU
		{42CA81D3-3A0A-456B-BE6B-B71D99F5943B}.Debug|Any CPU.Build.0 = Debug|Any CPU
		{42CA81D3-3A0A-456B-BE6B-B71D99F5943B}.Release|Any CPU.ActiveCfg = Release|Any CPU
		{42CA81D3-3A0A-456B-BE6B-B71D99F5943B}.Release|Any CPU.Build.0 = Release|Any CPU
	EndGlobalSection
	GlobalSection(SolutionProperties) = preSolution
		HideSolutionNode = FALSE
	EndGlobalSection
	GlobalSection(ExtensibilityGlobals) = postSolution
		SolutionGuid = {4723427E-3C28-4065-BD7C-131EE831A2B6}
	EndGlobalSection
EndGlobal
