
Microsoft Visual Studio Solution File, Format Version 12.00
# Visual Studio Version 16
VisualStudioVersion = 16.0.810.12
MinimumVisualStudioVersion = 10.0.40219.1
Project("{FAE04EC0-301F-11D3-BF4B-00C04F79EFBC}") = "DamageCalculator", "DamageCalculator\DamageCalculator.csproj", "{20BB57FC-5741-47A2-ADF4-4751DF604711}"
EndProject
Global
	GlobalSection(SolutionConfigurationPlatforms) = preSolution
		Debug|Any CPU = Debug|Any CPU
		Release|Any CPU = Release|Any CPU
	EndGlobalSection
	GlobalSection(ProjectConfigurationPlatforms) = postSolution
		{20BB57FC-5741-47A2-ADF4-4751DF604711}.Debug|Any CPU.ActiveCfg = Debug|Any CPU
		{20BB57FC-5741-47A2-ADF4-4751DF604711}.Debug|Any CPU.Build.0 = Debug|Any CPU
		{20BB57FC-5741-47A2-ADF4-4751DF604711}.Release|Any CPU.ActiveCfg = Release|Any CPU
		{20BB57FC-5741-47A2-ADF4-4751DF604711}.Release|Any CPU.Build.0 = Release|Any CPU
	EndGlobalSection
	GlobalSection(SolutionProperties) = preSolution
		HideSolutionNode = FALSE
	EndGlobalSection
	GlobalSection(ExtensibilityGlobals) = postSolution
		SolutionGuid = {2AA61084-C878-4A6F-942A-D644E68C7B48}
	EndGlobalSection
EndGlobal
