
Microsoft Visual Studio Solution File, Format Version 12.00
# Visual Studio Version 16
VisualStudioVersion = 16.0.29709.97
MinimumVisualStudioVersion = 10.0.40219.1
Project("{9A19103F-16F7-4668-BE54-9A1E7A4F7556}") = "NameManipulator", "Ex1\NameManipulator.csproj", "{365BDBD3-BBCE-4748-8CF9-7E05931C5E46}"
EndProject
Project("{9A19103F-16F7-4668-BE54-9A1E7A4F7556}") = "NameManipulatorTests", "NameTests\NameManipulatorTests.csproj", "{43D5673A-7122-4FF1-BD22-CEE0FDE4EAED}"
EndProject
Project("{9A19103F-16F7-4668-BE54-9A1E7A4F7556}") = "TaxCalculator_USING_PROPERTIES", "TaxCalculator\TaxCalculator_USING_PROPERTIES.csproj", "{07D06C36-07DF-4037-A206-10A2BE5E0FBA}"
EndProject
Project("{9A19103F-16F7-4668-BE54-9A1E7A4F7556}") = "TaxCalculator_USING_PROPERTIES_Tests", "TaxCalculatorTests\TaxCalculator_USING_PROPERTIES_Tests.csproj", "{87721B79-8559-4561-BF5C-8042983AB559}"
EndProject
Project("{9A19103F-16F7-4668-BE54-9A1E7A4F7556}") = "TaxCalculator_WITHOUT_PROPERTIES", "TaxCalculator_WITHOUT_PROPERTIES\TaxCalculator_WITHOUT_PROPERTIES.csproj", "{026DC816-4E46-4399-A553-6B8493FBBB0F}"
EndProject
Project("{9A19103F-16F7-4668-BE54-9A1E7A4F7556}") = "TaxCalculator_WITHOUT_PROPERTIES_Tests", "TaxCalculator_WITHOUT_PROPERTIES_TESTS\TaxCalculator_WITHOUT_PROPERTIES_Tests.csproj", "{01807C66-813D-4F7C-8C55-D8460A0698B4}"
EndProject
Project("{9A19103F-16F7-4668-BE54-9A1E7A4F7556}") = "BusSystem", "Bus\BusSystem.csproj", "{7D8ACFAE-2B51-4630-A509-1F6858FBCC2F}"
EndProject
Project("{9A19103F-16F7-4668-BE54-9A1E7A4F7556}") = "BusSystemTests", "BusTest\BusSystemTests.csproj", "{D345D72A-231E-4667-939F-848FF720C737}"
EndProject
Global
	GlobalSection(SolutionConfigurationPlatforms) = preSolution
		Debug|Any CPU = Debug|Any CPU
		Release|Any CPU = Release|Any CPU
	EndGlobalSection
	GlobalSection(ProjectConfigurationPlatforms) = postSolution
		{365BDBD3-BBCE-4748-8CF9-7E05931C5E46}.Debug|Any CPU.ActiveCfg = Debug|Any CPU
		{365BDBD3-BBCE-4748-8CF9-7E05931C5E46}.Debug|Any CPU.Build.0 = Debug|Any CPU
		{365BDBD3-BBCE-4748-8CF9-7E05931C5E46}.Release|Any CPU.ActiveCfg = Release|Any CPU
		{365BDBD3-BBCE-4748-8CF9-7E05931C5E46}.Release|Any CPU.Build.0 = Release|Any CPU
		{43D5673A-7122-4FF1-BD22-CEE0FDE4EAED}.Debug|Any CPU.ActiveCfg = Debug|Any CPU
		{43D5673A-7122-4FF1-BD22-CEE0FDE4EAED}.Debug|Any CPU.Build.0 = Debug|Any CPU
		{43D5673A-7122-4FF1-BD22-CEE0FDE4EAED}.Release|Any CPU.ActiveCfg = Release|Any CPU
		{43D5673A-7122-4FF1-BD22-CEE0FDE4EAED}.Release|Any CPU.Build.0 = Release|Any CPU
		{07D06C36-07DF-4037-A206-10A2BE5E0FBA}.Debug|Any CPU.ActiveCfg = Debug|Any CPU
		{07D06C36-07DF-4037-A206-10A2BE5E0FBA}.Debug|Any CPU.Build.0 = Debug|Any CPU
		{07D06C36-07DF-4037-A206-10A2BE5E0FBA}.Release|Any CPU.ActiveCfg = Release|Any CPU
		{07D06C36-07DF-4037-A206-10A2BE5E0FBA}.Release|Any CPU.Build.0 = Release|Any CPU
		{87721B79-8559-4561-BF5C-8042983AB559}.Debug|Any CPU.ActiveCfg = Debug|Any CPU
		{87721B79-8559-4561-BF5C-8042983AB559}.Debug|Any CPU.Build.0 = Debug|Any CPU
		{87721B79-8559-4561-BF5C-8042983AB559}.Release|Any CPU.ActiveCfg = Release|Any CPU
		{87721B79-8559-4561-BF5C-8042983AB559}.Release|Any CPU.Build.0 = Release|Any CPU
		{026DC816-4E46-4399-A553-6B8493FBBB0F}.Debug|Any CPU.ActiveCfg = Debug|Any CPU
		{026DC816-4E46-4399-A553-6B8493FBBB0F}.Debug|Any CPU.Build.0 = Debug|Any CPU
		{026DC816-4E46-4399-A553-6B8493FBBB0F}.Release|Any CPU.ActiveCfg = Release|Any CPU
		{026DC816-4E46-4399-A553-6B8493FBBB0F}.Release|Any CPU.Build.0 = Release|Any CPU
		{01807C66-813D-4F7C-8C55-D8460A0698B4}.Debug|Any CPU.ActiveCfg = Debug|Any CPU
		{01807C66-813D-4F7C-8C55-D8460A0698B4}.Debug|Any CPU.Build.0 = Debug|Any CPU
		{01807C66-813D-4F7C-8C55-D8460A0698B4}.Release|Any CPU.ActiveCfg = Release|Any CPU
		{01807C66-813D-4F7C-8C55-D8460A0698B4}.Release|Any CPU.Build.0 = Release|Any CPU
		{7D8ACFAE-2B51-4630-A509-1F6858FBCC2F}.Debug|Any CPU.ActiveCfg = Debug|Any CPU
		{7D8ACFAE-2B51-4630-A509-1F6858FBCC2F}.Debug|Any CPU.Build.0 = Debug|Any CPU
		{7D8ACFAE-2B51-4630-A509-1F6858FBCC2F}.Release|Any CPU.ActiveCfg = Release|Any CPU
		{7D8ACFAE-2B51-4630-A509-1F6858FBCC2F}.Release|Any CPU.Build.0 = Release|Any CPU
		{D345D72A-231E-4667-939F-848FF720C737}.Debug|Any CPU.ActiveCfg = Debug|Any CPU
		{D345D72A-231E-4667-939F-848FF720C737}.Debug|Any CPU.Build.0 = Debug|Any CPU
		{D345D72A-231E-4667-939F-848FF720C737}.Release|Any CPU.ActiveCfg = Release|Any CPU
		{D345D72A-231E-4667-939F-848FF720C737}.Release|Any CPU.Build.0 = Release|Any CPU
	EndGlobalSection
	GlobalSection(SolutionProperties) = preSolution
		HideSolutionNode = FALSE
	EndGlobalSection
	GlobalSection(ExtensibilityGlobals) = postSolution
		SolutionGuid = {ED37CC08-89F4-4D23-9757-D95924633398}
	EndGlobalSection
EndGlobal
