
Microsoft Visual Studio Solution File, Format Version 12.00
# Visual Studio Version 16
VisualStudioVersion = 16.0.29201.188
MinimumVisualStudioVersion = 10.0.40219.1
Project("{FAE04EC0-301F-11D3-BF4B-00C04F79EFBC}") = "Bus", "Bus\Bus.csproj", "{CA0D9E99-22FA-43CD-AA9A-D260F92ACE6F}"
EndProject
Project("{FAE04EC0-301F-11D3-BF4B-00C04F79EFBC}") = "BusTest", "BusTest\BusTest.csproj", "{F7D5111C-0382-423E-B65C-CA7F5F8CD6D9}"
EndProject
Global
	GlobalSection(SolutionConfigurationPlatforms) = preSolution
		Debug|Any CPU = Debug|Any CPU
		Release|Any CPU = Release|Any CPU
	EndGlobalSection
	GlobalSection(ProjectConfigurationPlatforms) = postSolution
		{CA0D9E99-22FA-43CD-AA9A-D260F92ACE6F}.Debug|Any CPU.ActiveCfg = Debug|Any CPU
		{CA0D9E99-22FA-43CD-AA9A-D260F92ACE6F}.Debug|Any CPU.Build.0 = Debug|Any CPU
		{CA0D9E99-22FA-43CD-AA9A-D260F92ACE6F}.Release|Any CPU.ActiveCfg = Release|Any CPU
		{CA0D9E99-22FA-43CD-AA9A-D260F92ACE6F}.Release|Any CPU.Build.0 = Release|Any CPU
		{F7D5111C-0382-423E-B65C-CA7F5F8CD6D9}.Debug|Any CPU.ActiveCfg = Debug|Any CPU
		{F7D5111C-0382-423E-B65C-CA7F5F8CD6D9}.Debug|Any CPU.Build.0 = Debug|Any CPU
		{F7D5111C-0382-423E-B65C-CA7F5F8CD6D9}.Release|Any CPU.ActiveCfg = Release|Any CPU
		{F7D5111C-0382-423E-B65C-CA7F5F8CD6D9}.Release|Any CPU.Build.0 = Release|Any CPU
	EndGlobalSection
	GlobalSection(SolutionProperties) = preSolution
		HideSolutionNode = FALSE
	EndGlobalSection
	GlobalSection(ExtensibilityGlobals) = postSolution
		SolutionGuid = {BF45B6D9-9C2A-4BA7-89FE-4666B392790A}
	EndGlobalSection
EndGlobal
