
Microsoft Visual Studio Solution File, Format Version 12.00
# Visual Studio Version 16
VisualStudioVersion = 16.0.29201.188
MinimumVisualStudioVersion = 10.0.40219.1
Project("{FAE04EC0-301F-11D3-BF4B-00C04F79EFBC}") = "Hw_10", "Hw_10\Hw_10.csproj", "{B0ABAA66-D0DC-484E-BC68-40007FB33BF4}"
EndProject
Project("{FAE04EC0-301F-11D3-BF4B-00C04F79EFBC}") = "CatTests", "CatTests\CatTests.csproj", "{C3EC5D3D-8933-4406-BE27-CC093726A1A0}"
EndProject
Project("{FAE04EC0-301F-11D3-BF4B-00C04F79EFBC}") = "EX2", "EX2\EX2.csproj", "{F092554C-0D21-45B7-9BCA-45114111CAA2}"
EndProject
Project("{FAE04EC0-301F-11D3-BF4B-00C04F79EFBC}") = "VatCalculatorTest", "VatCalculatorTest\VatCalculatorTest.csproj", "{9004A463-E2C1-437C-B887-50FE5599A759}"
EndProject
Global
	GlobalSection(SolutionConfigurationPlatforms) = preSolution
		Debug|Any CPU = Debug|Any CPU
		Release|Any CPU = Release|Any CPU
	EndGlobalSection
	GlobalSection(ProjectConfigurationPlatforms) = postSolution
		{B0ABAA66-D0DC-484E-BC68-40007FB33BF4}.Debug|Any CPU.ActiveCfg = Debug|Any CPU
		{B0ABAA66-D0DC-484E-BC68-40007FB33BF4}.Debug|Any CPU.Build.0 = Debug|Any CPU
		{B0ABAA66-D0DC-484E-BC68-40007FB33BF4}.Release|Any CPU.ActiveCfg = Release|Any CPU
		{B0ABAA66-D0DC-484E-BC68-40007FB33BF4}.Release|Any CPU.Build.0 = Release|Any CPU
		{C3EC5D3D-8933-4406-BE27-CC093726A1A0}.Debug|Any CPU.ActiveCfg = Debug|Any CPU
		{C3EC5D3D-8933-4406-BE27-CC093726A1A0}.Debug|Any CPU.Build.0 = Debug|Any CPU
		{C3EC5D3D-8933-4406-BE27-CC093726A1A0}.Release|Any CPU.ActiveCfg = Release|Any CPU
		{C3EC5D3D-8933-4406-BE27-CC093726A1A0}.Release|Any CPU.Build.0 = Release|Any CPU
		{F092554C-0D21-45B7-9BCA-45114111CAA2}.Debug|Any CPU.ActiveCfg = Debug|Any CPU
		{F092554C-0D21-45B7-9BCA-45114111CAA2}.Debug|Any CPU.Build.0 = Debug|Any CPU
		{F092554C-0D21-45B7-9BCA-45114111CAA2}.Release|Any CPU.ActiveCfg = Release|Any CPU
		{F092554C-0D21-45B7-9BCA-45114111CAA2}.Release|Any CPU.Build.0 = Release|Any CPU
		{9004A463-E2C1-437C-B887-50FE5599A759}.Debug|Any CPU.ActiveCfg = Debug|Any CPU
		{9004A463-E2C1-437C-B887-50FE5599A759}.Debug|Any CPU.Build.0 = Debug|Any CPU
		{9004A463-E2C1-437C-B887-50FE5599A759}.Release|Any CPU.ActiveCfg = Release|Any CPU
		{9004A463-E2C1-437C-B887-50FE5599A759}.Release|Any CPU.Build.0 = Release|Any CPU
	EndGlobalSection
	GlobalSection(SolutionProperties) = preSolution
		HideSolutionNode = FALSE
	EndGlobalSection
	GlobalSection(ExtensibilityGlobals) = postSolution
		SolutionGuid = {5486510D-4C22-4B19-8A33-8A15AEF6BE5B}
	EndGlobalSection
EndGlobal
