
Microsoft Visual Studio Solution File, Format Version 12.00
# Visual Studio Version 16
VisualStudioVersion = 16.0.810.12
MinimumVisualStudioVersion = 10.0.40219.1
Project("{FAE04EC0-301F-11D3-BF4B-00C04F79EFBC}") = "TaxCalculator_USING_PROPERTIES", "TaxCalculator_USING_PROPERTIES.csproj", "{CD86B5A4-D269-41F5-A54E-639EAA438A41}"
EndProject
Global
	GlobalSection(SolutionConfigurationPlatforms) = preSolution
		Debug|Any CPU = Debug|Any CPU
		Release|Any CPU = Release|Any CPU
	EndGlobalSection
	GlobalSection(ProjectConfigurationPlatforms) = postSolution
		{CD86B5A4-D269-41F5-A54E-639EAA438A41}.Debug|Any CPU.ActiveCfg = Debug|Any CPU
		{CD86B5A4-D269-41F5-A54E-639EAA438A41}.Debug|Any CPU.Build.0 = Debug|Any CPU
		{CD86B5A4-D269-41F5-A54E-639EAA438A41}.Release|Any CPU.ActiveCfg = Release|Any CPU
		{CD86B5A4-D269-41F5-A54E-639EAA438A41}.Release|Any CPU.Build.0 = Release|Any CPU
	EndGlobalSection
	GlobalSection(SolutionProperties) = preSolution
		HideSolutionNode = FALSE
	EndGlobalSection
	GlobalSection(ExtensibilityGlobals) = postSolution
		SolutionGuid = {802ECE25-8BEB-4F5E-AA94-91EB937B6EB4}
	EndGlobalSection
EndGlobal
