
Microsoft Visual Studio Solution File, Format Version 12.00
# Visual Studio Version 16
VisualStudioVersion = 16.0.810.10
MinimumVisualStudioVersion = 10.0.40219.1
Project("{FAE04EC0-301F-11D3-BF4B-00C04F79EFBC}") = "EX07Loeng", "EX07Loeng\EX07Loeng.csproj", "{798F1363-3A27-48DB-97C0-E789E7D8C16B}"
EndProject
Project("{FAE04EC0-301F-11D3-BF4B-00C04F79EFBC}") = "Ex01", "Ex01\Ex01.csproj", "{530C93C1-A4AE-48CE-B809-9A19069E6707}"
EndProject
Project("{FAE04EC0-301F-11D3-BF4B-00C04F79EFBC}") = "EX02", "EX02\EX02.csproj", "{6C98042E-0577-4A78-8665-19CE470AA534}"
EndProject
Project("{FAE04EC0-301F-11D3-BF4B-00C04F79EFBC}") = "EX03", "EX03\EX03.csproj", "{B5F97CCA-43A5-4CB0-B1EA-CA7D66C694F7}"
EndProject
Global
	GlobalSection(SolutionConfigurationPlatforms) = preSolution
		Debug|Any CPU = Debug|Any CPU
		Release|Any CPU = Release|Any CPU
	EndGlobalSection
	GlobalSection(ProjectConfigurationPlatforms) = postSolution
		{798F1363-3A27-48DB-97C0-E789E7D8C16B}.Debug|Any CPU.ActiveCfg = Debug|Any CPU
		{798F1363-3A27-48DB-97C0-E789E7D8C16B}.Debug|Any CPU.Build.0 = Debug|Any CPU
		{798F1363-3A27-48DB-97C0-E789E7D8C16B}.Release|Any CPU.ActiveCfg = Release|Any CPU
		{798F1363-3A27-48DB-97C0-E789E7D8C16B}.Release|Any CPU.Build.0 = Release|Any CPU
		{530C93C1-A4AE-48CE-B809-9A19069E6707}.Debug|Any CPU.ActiveCfg = Debug|Any CPU
		{530C93C1-A4AE-48CE-B809-9A19069E6707}.Debug|Any CPU.Build.0 = Debug|Any CPU
		{530C93C1-A4AE-48CE-B809-9A19069E6707}.Release|Any CPU.ActiveCfg = Release|Any CPU
		{530C93C1-A4AE-48CE-B809-9A19069E6707}.Release|Any CPU.Build.0 = Release|Any CPU
		{6C98042E-0577-4A78-8665-19CE470AA534}.Debug|Any CPU.ActiveCfg = Debug|Any CPU
		{6C98042E-0577-4A78-8665-19CE470AA534}.Debug|Any CPU.Build.0 = Debug|Any CPU
		{6C98042E-0577-4A78-8665-19CE470AA534}.Release|Any CPU.ActiveCfg = Release|Any CPU
		{6C98042E-0577-4A78-8665-19CE470AA534}.Release|Any CPU.Build.0 = Release|Any CPU
		{B5F97CCA-43A5-4CB0-B1EA-CA7D66C694F7}.Debug|Any CPU.ActiveCfg = Debug|Any CPU
		{B5F97CCA-43A5-4CB0-B1EA-CA7D66C694F7}.Debug|Any CPU.Build.0 = Debug|Any CPU
		{B5F97CCA-43A5-4CB0-B1EA-CA7D66C694F7}.Release|Any CPU.ActiveCfg = Release|Any CPU
		{B5F97CCA-43A5-4CB0-B1EA-CA7D66C694F7}.Release|Any CPU.Build.0 = Release|Any CPU
	EndGlobalSection
	GlobalSection(SolutionProperties) = preSolution
		HideSolutionNode = FALSE
	EndGlobalSection
	GlobalSection(ExtensibilityGlobals) = postSolution
		SolutionGuid = {D0ED28F2-C8CA-4643-A737-F2631CF0D0AE}
	EndGlobalSection
EndGlobal
