
Microsoft Visual Studio Solution File, Format Version 12.00
# Visual Studio Version 16
VisualStudioVersion = 16.0.810.12
MinimumVisualStudioVersion = 10.0.40219.1
Project("{FAE04EC0-301F-11D3-BF4B-00C04F79EFBC}") = "EX1", "EX1\EX1.csproj", "{9D6B3144-880F-4793-939A-FE38696C383B}"
EndProject
Project("{FAE04EC0-301F-11D3-BF4B-00C04F79EFBC}") = "NameTest", "NameTests\NameTest.csproj", "{F16B3B45-1D12-475C-A173-76C1AC04F78F}"
EndProject
Project("{FAE04EC0-301F-11D3-BF4B-00C04F79EFBC}") = "EX3", "EX3\EX3.csproj", "{137D2E0E-C099-40AC-ABB9-80A11C331EF9}"
EndProject
Project("{FAE04EC0-301F-11D3-BF4B-00C04F79EFBC}") = "TaxCalculatorTest", "TaxCalculatorTest\TaxCalculatorTest.csproj", "{E389B1B4-6E7A-43D3-99FD-DDB22E44B394}"
EndProject
Global
	GlobalSection(SolutionConfigurationPlatforms) = preSolution
		Debug|Any CPU = Debug|Any CPU
		Release|Any CPU = Release|Any CPU
	EndGlobalSection
	GlobalSection(ProjectConfigurationPlatforms) = postSolution
		{9D6B3144-880F-4793-939A-FE38696C383B}.Debug|Any CPU.ActiveCfg = Debug|Any CPU
		{9D6B3144-880F-4793-939A-FE38696C383B}.Debug|Any CPU.Build.0 = Debug|Any CPU
		{9D6B3144-880F-4793-939A-FE38696C383B}.Release|Any CPU.ActiveCfg = Release|Any CPU
		{9D6B3144-880F-4793-939A-FE38696C383B}.Release|Any CPU.Build.0 = Release|Any CPU
		{F16B3B45-1D12-475C-A173-76C1AC04F78F}.Debug|Any CPU.ActiveCfg = Debug|Any CPU
		{F16B3B45-1D12-475C-A173-76C1AC04F78F}.Debug|Any CPU.Build.0 = Debug|Any CPU
		{F16B3B45-1D12-475C-A173-76C1AC04F78F}.Release|Any CPU.ActiveCfg = Release|Any CPU
		{F16B3B45-1D12-475C-A173-76C1AC04F78F}.Release|Any CPU.Build.0 = Release|Any CPU
		{137D2E0E-C099-40AC-ABB9-80A11C331EF9}.Debug|Any CPU.ActiveCfg = Debug|Any CPU
		{137D2E0E-C099-40AC-ABB9-80A11C331EF9}.Debug|Any CPU.Build.0 = Debug|Any CPU
		{137D2E0E-C099-40AC-ABB9-80A11C331EF9}.Release|Any CPU.ActiveCfg = Release|Any CPU
		{137D2E0E-C099-40AC-ABB9-80A11C331EF9}.Release|Any CPU.Build.0 = Release|Any CPU
		{E389B1B4-6E7A-43D3-99FD-DDB22E44B394}.Debug|Any CPU.ActiveCfg = Debug|Any CPU
		{E389B1B4-6E7A-43D3-99FD-DDB22E44B394}.Debug|Any CPU.Build.0 = Debug|Any CPU
		{E389B1B4-6E7A-43D3-99FD-DDB22E44B394}.Release|Any CPU.ActiveCfg = Release|Any CPU
		{E389B1B4-6E7A-43D3-99FD-DDB22E44B394}.Release|Any CPU.Build.0 = Release|Any CPU
	EndGlobalSection
	GlobalSection(SolutionProperties) = preSolution
		HideSolutionNode = FALSE
	EndGlobalSection
	GlobalSection(ExtensibilityGlobals) = postSolution
		SolutionGuid = {C1A32592-A88E-412F-AB35-D0C8D08EF725}
	EndGlobalSection
EndGlobal
