
Microsoft Visual Studio Solution File, Format Version 12.00
# Visual Studio Version 16
VisualStudioVersion = 16.0.810.9
MinimumVisualStudioVersion = 10.0.40219.1
Project("{FAE04EC0-301F-11D3-BF4B-00C04F79EFBC}") = "EX1", "EX1\EX1.csproj", "{17186C88-0090-4EA2-B04C-EEE1DA70C782}"
EndProject
Project("{FAE04EC0-301F-11D3-BF4B-00C04F79EFBC}") = "EX02", "EX02\EX02.csproj", "{482E183E-D957-4370-988B-34D9BD1944B5}"
EndProject
Project("{FAE04EC0-301F-11D3-BF4B-00C04F79EFBC}") = "EX03", "EX03\EX03.csproj", "{D6F2BAA2-1E90-4D04-AAA8-8F93EB114E0B}"
EndProject
Project("{FAE04EC0-301F-11D3-BF4B-00C04F79EFBC}") = "EX04", "EX04\EX04.csproj", "{7C92CA11-A06D-49AF-9E51-0251F75B528F}"
EndProject
Global
	GlobalSection(SolutionConfigurationPlatforms) = preSolution
		Debug|Any CPU = Debug|Any CPU
		Release|Any CPU = Release|Any CPU
	EndGlobalSection
	GlobalSection(ProjectConfigurationPlatforms) = postSolution
		{17186C88-0090-4EA2-B04C-EEE1DA70C782}.Debug|Any CPU.ActiveCfg = Debug|Any CPU
		{17186C88-0090-4EA2-B04C-EEE1DA70C782}.Debug|Any CPU.Build.0 = Debug|Any CPU
		{17186C88-0090-4EA2-B04C-EEE1DA70C782}.Release|Any CPU.ActiveCfg = Release|Any CPU
		{17186C88-0090-4EA2-B04C-EEE1DA70C782}.Release|Any CPU.Build.0 = Release|Any CPU
		{482E183E-D957-4370-988B-34D9BD1944B5}.Debug|Any CPU.ActiveCfg = Debug|Any CPU
		{482E183E-D957-4370-988B-34D9BD1944B5}.Debug|Any CPU.Build.0 = Debug|Any CPU
		{482E183E-D957-4370-988B-34D9BD1944B5}.Release|Any CPU.ActiveCfg = Release|Any CPU
		{482E183E-D957-4370-988B-34D9BD1944B5}.Release|Any CPU.Build.0 = Release|Any CPU
		{D6F2BAA2-1E90-4D04-AAA8-8F93EB114E0B}.Debug|Any CPU.ActiveCfg = Debug|Any CPU
		{D6F2BAA2-1E90-4D04-AAA8-8F93EB114E0B}.Debug|Any CPU.Build.0 = Debug|Any CPU
		{D6F2BAA2-1E90-4D04-AAA8-8F93EB114E0B}.Release|Any CPU.ActiveCfg = Release|Any CPU
		{D6F2BAA2-1E90-4D04-AAA8-8F93EB114E0B}.Release|Any CPU.Build.0 = Release|Any CPU
		{7C92CA11-A06D-49AF-9E51-0251F75B528F}.Debug|Any CPU.ActiveCfg = Debug|Any CPU
		{7C92CA11-A06D-49AF-9E51-0251F75B528F}.Debug|Any CPU.Build.0 = Debug|Any CPU
		{7C92CA11-A06D-49AF-9E51-0251F75B528F}.Release|Any CPU.ActiveCfg = Release|Any CPU
		{7C92CA11-A06D-49AF-9E51-0251F75B528F}.Release|Any CPU.Build.0 = Release|Any CPU
	EndGlobalSection
	GlobalSection(SolutionProperties) = preSolution
		HideSolutionNode = FALSE
	EndGlobalSection
	GlobalSection(ExtensibilityGlobals) = postSolution
		SolutionGuid = {8B70CEEF-DD2E-46CF-B742-0396A8D11CB6}
	EndGlobalSection
EndGlobal
