
Microsoft Visual Studio Solution File, Format Version 12.00
# Visual Studio Version 16
VisualStudioVersion = 16.0.810.11
MinimumVisualStudioVersion = 10.0.40219.1
Project("{FAE04EC0-301F-11D3-BF4B-00C04F79EFBC}") = "4_12_InvoiceHomework", "4_12_InvoiceHomework\4_12_InvoiceHomework.csproj", "{EE02F635-6223-4E9A-B404-044A0211422D}"
EndProject
Global
	GlobalSection(SolutionConfigurationPlatforms) = preSolution
		Debug|Any CPU = Debug|Any CPU
		Release|Any CPU = Release|Any CPU
	EndGlobalSection
	GlobalSection(ProjectConfigurationPlatforms) = postSolution
		{EE02F635-6223-4E9A-B404-044A0211422D}.Debug|Any CPU.ActiveCfg = Debug|Any CPU
		{EE02F635-6223-4E9A-B404-044A0211422D}.Debug|Any CPU.Build.0 = Debug|Any CPU
		{EE02F635-6223-4E9A-B404-044A0211422D}.Release|Any CPU.ActiveCfg = Release|Any CPU
		{EE02F635-6223-4E9A-B404-044A0211422D}.Release|Any CPU.Build.0 = Release|Any CPU
	EndGlobalSection
	GlobalSection(SolutionProperties) = preSolution
		HideSolutionNode = FALSE
	EndGlobalSection
	GlobalSection(ExtensibilityGlobals) = postSolution
		SolutionGuid = {24348230-86C3-4E94-910C-B26CB35B3F6C}
	EndGlobalSection
EndGlobal
