
Microsoft Visual Studio Solution File, Format Version 12.00
# Visual Studio Version 16
VisualStudioVersion = 16.0.31829.152
MinimumVisualStudioVersion = 10.0.40219.1
Project("{9A19103F-16F7-4668-BE54-9A1E7A4F7556}") = "ex1", "ex1\ex1.csproj", "{7FEC82D8-292B-4638-99E6-43E27EBF5F16}"
EndProject
Project("{9A19103F-16F7-4668-BE54-9A1E7A4F7556}") = "DrawGraphics", "DrawGraphics\DrawGraphics.csproj", "{803904E9-A976-4A01-AD4A-BE6CFA1F648B}"
EndProject
Project("{9A19103F-16F7-4668-BE54-9A1E7A4F7556}") = "Ex2", "Ex2\Ex2.csproj", "{DEB4FC93-21E0-44DC-85B7-C05224B06836}"
EndProject
Project("{9A19103F-16F7-4668-BE54-9A1E7A4F7556}") = "Ex3", "Ex3\Ex3.csproj", "{912ACC15-B335-4A79-9B08-378A3B676C47}"
EndProject
Project("{FAE04EC0-301F-11D3-BF4B-00C04F79EFBC}") = "Ex4", "Ex4\Ex4.csproj", "{1BCD3C1C-5783-4FD5-B990-1080DA46DDF6}"
EndProject
Project("{FAE04EC0-301F-11D3-BF4B-00C04F79EFBC}") = "Ex5", "Ex5\Ex5.csproj", "{270BA90C-F178-4F8E-8DDB-64F093A31C59}"
EndProject
Global
	GlobalSection(SolutionConfigurationPlatforms) = preSolution
		Debug|Any CPU = Debug|Any CPU
		Release|Any CPU = Release|Any CPU
	EndGlobalSection
	GlobalSection(ProjectConfigurationPlatforms) = postSolution
		{7FEC82D8-292B-4638-99E6-43E27EBF5F16}.Debug|Any CPU.ActiveCfg = Debug|Any CPU
		{7FEC82D8-292B-4638-99E6-43E27EBF5F16}.Debug|Any CPU.Build.0 = Debug|Any CPU
		{7FEC82D8-292B-4638-99E6-43E27EBF5F16}.Release|Any CPU.ActiveCfg = Release|Any CPU
		{7FEC82D8-292B-4638-99E6-43E27EBF5F16}.Release|Any CPU.Build.0 = Release|Any CPU
		{803904E9-A976-4A01-AD4A-BE6CFA1F648B}.Debug|Any CPU.ActiveCfg = Debug|Any CPU
		{803904E9-A976-4A01-AD4A-BE6CFA1F648B}.Debug|Any CPU.Build.0 = Debug|Any CPU
		{803904E9-A976-4A01-AD4A-BE6CFA1F648B}.Release|Any CPU.ActiveCfg = Release|Any CPU
		{803904E9-A976-4A01-AD4A-BE6CFA1F648B}.Release|Any CPU.Build.0 = Release|Any CPU
		{DEB4FC93-21E0-44DC-85B7-C05224B06836}.Debug|Any CPU.ActiveCfg = Debug|Any CPU
		{DEB4FC93-21E0-44DC-85B7-C05224B06836}.Debug|Any CPU.Build.0 = Debug|Any CPU
		{DEB4FC93-21E0-44DC-85B7-C05224B06836}.Release|Any CPU.ActiveCfg = Release|Any CPU
		{DEB4FC93-21E0-44DC-85B7-C05224B06836}.Release|Any CPU.Build.0 = Release|Any CPU
		{912ACC15-B335-4A79-9B08-378A3B676C47}.Debug|Any CPU.ActiveCfg = Debug|Any CPU
		{912ACC15-B335-4A79-9B08-378A3B676C47}.Debug|Any CPU.Build.0 = Debug|Any CPU
		{912ACC15-B335-4A79-9B08-378A3B676C47}.Release|Any CPU.ActiveCfg = Release|Any CPU
		{912ACC15-B335-4A79-9B08-378A3B676C47}.Release|Any CPU.Build.0 = Release|Any CPU
		{1BCD3C1C-5783-4FD5-B990-1080DA46DDF6}.Debug|Any CPU.ActiveCfg = Debug|Any CPU
		{1BCD3C1C-5783-4FD5-B990-1080DA46DDF6}.Debug|Any CPU.Build.0 = Debug|Any CPU
		{1BCD3C1C-5783-4FD5-B990-1080DA46DDF6}.Release|Any CPU.ActiveCfg = Release|Any CPU
		{1BCD3C1C-5783-4FD5-B990-1080DA46DDF6}.Release|Any CPU.Build.0 = Release|Any CPU
		{270BA90C-F178-4F8E-8DDB-64F093A31C59}.Debug|Any CPU.ActiveCfg = Debug|Any CPU
		{270BA90C-F178-4F8E-8DDB-64F093A31C59}.Debug|Any CPU.Build.0 = Debug|Any CPU
		{270BA90C-F178-4F8E-8DDB-64F093A31C59}.Release|Any CPU.ActiveCfg = Release|Any CPU
		{270BA90C-F178-4F8E-8DDB-64F093A31C59}.Release|Any CPU.Build.0 = Release|Any CPU
	EndGlobalSection
	GlobalSection(SolutionProperties) = preSolution
		HideSolutionNode = FALSE
	EndGlobalSection
	GlobalSection(ExtensibilityGlobals) = postSolution
		SolutionGuid = {6337235B-47FF-4DC5-985F-8C657D1E4A3A}
	EndGlobalSection
EndGlobal
