
Microsoft Visual Studio Solution File, Format Version 12.00
# Visual Studio Version 16
VisualStudioVersion = 16.0.810.8
MinimumVisualStudioVersion = 10.0.40219.1
Project("{FAE04EC0-301F-11D3-BF4B-00C04F79EFBC}") = "213652IABB_kalkulaator", "213652IABB_kalkulaator.csproj", "{92BED3D8-63FA-412C-9EC5-176798F45092}"
EndProject
Global
	GlobalSection(SolutionConfigurationPlatforms) = preSolution
		Debug|Any CPU = Debug|Any CPU
		Release|Any CPU = Release|Any CPU
	EndGlobalSection
	GlobalSection(ProjectConfigurationPlatforms) = postSolution
		{92BED3D8-63FA-412C-9EC5-176798F45092}.Debug|Any CPU.ActiveCfg = Debug|Any CPU
		{92BED3D8-63FA-412C-9EC5-176798F45092}.Debug|Any CPU.Build.0 = Debug|Any CPU
		{92BED3D8-63FA-412C-9EC5-176798F45092}.Release|Any CPU.ActiveCfg = Release|Any CPU
		{92BED3D8-63FA-412C-9EC5-176798F45092}.Release|Any CPU.Build.0 = Release|Any CPU
	EndGlobalSection
	GlobalSection(SolutionProperties) = preSolution
		HideSolutionNode = FALSE
	EndGlobalSection
	GlobalSection(ExtensibilityGlobals) = postSolution
		SolutionGuid = {2F9AFA58-CC7D-470B-B334-59D966E7F5F7}
	EndGlobalSection
EndGlobal
