
Microsoft Visual Studio Solution File, Format Version 12.00
# Visual Studio Version 16
VisualStudioVersion = 16.0.810.17
MinimumVisualStudioVersion = 10.0.40219.1
Project("{FAE04EC0-301F-11D3-BF4B-00C04F79EFBC}") = "TDDExample", "TDDExample\TDDExample.csproj", "{741255FC-39AF-41D2-BD3C-DD864B54AF1A}"
EndProject
Project("{FAE04EC0-301F-11D3-BF4B-00C04F79EFBC}") = "StackTests", "StackTests\StackTests.csproj", "{3495D5E5-FEE3-406D-9793-BBE98BCC5C95}"
EndProject
Global
	GlobalSection(SolutionConfigurationPlatforms) = preSolution
		Debug|Any CPU = Debug|Any CPU
		Release|Any CPU = Release|Any CPU
	EndGlobalSection
	GlobalSection(ProjectConfigurationPlatforms) = postSolution
		{741255FC-39AF-41D2-BD3C-DD864B54AF1A}.Debug|Any CPU.ActiveCfg = Debug|Any CPU
		{741255FC-39AF-41D2-BD3C-DD864B54AF1A}.Debug|Any CPU.Build.0 = Debug|Any CPU
		{741255FC-39AF-41D2-BD3C-DD864B54AF1A}.Release|Any CPU.ActiveCfg = Release|Any CPU
		{741255FC-39AF-41D2-BD3C-DD864B54AF1A}.Release|Any CPU.Build.0 = Release|Any CPU
		{3495D5E5-FEE3-406D-9793-BBE98BCC5C95}.Debug|Any CPU.ActiveCfg = Debug|Any CPU
		{3495D5E5-FEE3-406D-9793-BBE98BCC5C95}.Debug|Any CPU.Build.0 = Debug|Any CPU
		{3495D5E5-FEE3-406D-9793-BBE98BCC5C95}.Release|Any CPU.ActiveCfg = Release|Any CPU
		{3495D5E5-FEE3-406D-9793-BBE98BCC5C95}.Release|Any CPU.Build.0 = Release|Any CPU
	EndGlobalSection
	GlobalSection(SolutionProperties) = preSolution
		HideSolutionNode = FALSE
	EndGlobalSection
	GlobalSection(ExtensibilityGlobals) = postSolution
		SolutionGuid = {CB19654D-8640-4DFD-BFD8-4D1692CA3667}
	EndGlobalSection
EndGlobal
