
Microsoft Visual Studio Solution File, Format Version 12.00
# Visual Studio Version 16
VisualStudioVersion = 16.0.810.9
MinimumVisualStudioVersion = 10.0.40219.1
Project("{FAE04EC0-301F-11D3-BF4B-00C04F79EFBC}") = "EX01", "EX01\EX01.csproj", "{BCAA343A-D442-4538-BFCF-3394ECDB414B}"
EndProject
Project("{FAE04EC0-301F-11D3-BF4B-00C04F79EFBC}") = "EX02", "EX02\EX02.csproj", "{E34A0B16-E7B2-4346-821B-B477386D4DE7}"
EndProject
Project("{FAE04EC0-301F-11D3-BF4B-00C04F79EFBC}") = "EX03", "EX03\EX03.csproj", "{14E17D6D-9EE7-487D-A3A8-FEB4941F2BAC}"
EndProject
Project("{FAE04EC0-301F-11D3-BF4B-00C04F79EFBC}") = "EX04", "EX04\EX04.csproj", "{7D267AA4-DDC9-4681-98B9-D1E63B5A809D}"
EndProject
Project("{FAE04EC0-301F-11D3-BF4B-00C04F79EFBC}") = "EX05", "EX05\EX05.csproj", "{D6680FA9-7DF0-4081-871E-4DA11E59E492}"
EndProject
Project("{FAE04EC0-301F-11D3-BF4B-00C04F79EFBC}") = "EX06", "EX06\EX06.csproj", "{D7BF758A-D0CC-4566-A850-E0AD47A4C4FF}"
EndProject
Global
	GlobalSection(SolutionConfigurationPlatforms) = preSolution
		Debug|Any CPU = Debug|Any CPU
		Release|Any CPU = Release|Any CPU
	EndGlobalSection
	GlobalSection(ProjectConfigurationPlatforms) = postSolution
		{BCAA343A-D442-4538-BFCF-3394ECDB414B}.Debug|Any CPU.ActiveCfg = Debug|Any CPU
		{BCAA343A-D442-4538-BFCF-3394ECDB414B}.Debug|Any CPU.Build.0 = Debug|Any CPU
		{BCAA343A-D442-4538-BFCF-3394ECDB414B}.Release|Any CPU.ActiveCfg = Release|Any CPU
		{BCAA343A-D442-4538-BFCF-3394ECDB414B}.Release|Any CPU.Build.0 = Release|Any CPU
		{E34A0B16-E7B2-4346-821B-B477386D4DE7}.Debug|Any CPU.ActiveCfg = Debug|Any CPU
		{E34A0B16-E7B2-4346-821B-B477386D4DE7}.Debug|Any CPU.Build.0 = Debug|Any CPU
		{E34A0B16-E7B2-4346-821B-B477386D4DE7}.Release|Any CPU.ActiveCfg = Release|Any CPU
		{E34A0B16-E7B2-4346-821B-B477386D4DE7}.Release|Any CPU.Build.0 = Release|Any CPU
		{14E17D6D-9EE7-487D-A3A8-FEB4941F2BAC}.Debug|Any CPU.ActiveCfg = Debug|Any CPU
		{14E17D6D-9EE7-487D-A3A8-FEB4941F2BAC}.Debug|Any CPU.Build.0 = Debug|Any CPU
		{14E17D6D-9EE7-487D-A3A8-FEB4941F2BAC}.Release|Any CPU.ActiveCfg = Release|Any CPU
		{14E17D6D-9EE7-487D-A3A8-FEB4941F2BAC}.Release|Any CPU.Build.0 = Release|Any CPU
		{7D267AA4-DDC9-4681-98B9-D1E63B5A809D}.Debug|Any CPU.ActiveCfg = Debug|Any CPU
		{7D267AA4-DDC9-4681-98B9-D1E63B5A809D}.Debug|Any CPU.Build.0 = Debug|Any CPU
		{7D267AA4-DDC9-4681-98B9-D1E63B5A809D}.Release|Any CPU.ActiveCfg = Release|Any CPU
		{7D267AA4-DDC9-4681-98B9-D1E63B5A809D}.Release|Any CPU.Build.0 = Release|Any CPU
		{D6680FA9-7DF0-4081-871E-4DA11E59E492}.Debug|Any CPU.ActiveCfg = Debug|Any CPU
		{D6680FA9-7DF0-4081-871E-4DA11E59E492}.Debug|Any CPU.Build.0 = Debug|Any CPU
		{D6680FA9-7DF0-4081-871E-4DA11E59E492}.Release|Any CPU.ActiveCfg = Release|Any CPU
		{D6680FA9-7DF0-4081-871E-4DA11E59E492}.Release|Any CPU.Build.0 = Release|Any CPU
		{D7BF758A-D0CC-4566-A850-E0AD47A4C4FF}.Debug|Any CPU.ActiveCfg = Debug|Any CPU
		{D7BF758A-D0CC-4566-A850-E0AD47A4C4FF}.Debug|Any CPU.Build.0 = Debug|Any CPU
		{D7BF758A-D0CC-4566-A850-E0AD47A4C4FF}.Release|Any CPU.ActiveCfg = Release|Any CPU
		{D7BF758A-D0CC-4566-A850-E0AD47A4C4FF}.Release|Any CPU.Build.0 = Release|Any CPU
	EndGlobalSection
	GlobalSection(SolutionProperties) = preSolution
		HideSolutionNode = FALSE
	EndGlobalSection
	GlobalSection(ExtensibilityGlobals) = postSolution
		SolutionGuid = {B191E790-55E6-49B5-A910-F0266E840C8A}
	EndGlobalSection
EndGlobal
