
Microsoft Visual Studio Solution File, Format Version 12.00
# Visual Studio Version 16
VisualStudioVersion = 16.0.810.14
MinimumVisualStudioVersion = 10.0.40219.1
Project("{FAE04EC0-301F-11D3-BF4B-00C04F79EFBC}") = "EX1", "EX1\EX1.csproj", "{6E12E195-4512-49DF-912E-BC0CDA70B52D}"
EndProject
Project("{FAE04EC0-301F-11D3-BF4B-00C04F79EFBC}") = "EX2", "EX2\EX2.csproj", "{F4712A71-5B45-4931-BE27-C9460956AC55}"
EndProject
Project("{FAE04EC0-301F-11D3-BF4B-00C04F79EFBC}") = "EX3", "EX3\EX3.csproj", "{53495AF6-D559-4084-8224-2C1E6156CFB4}"
EndProject
Project("{FAE04EC0-301F-11D3-BF4B-00C04F79EFBC}") = "EX4", "EX4\EX4.csproj", "{552CB23A-A97A-4C36-981B-6FCB833AF45F}"
EndProject
Project("{FAE04EC0-301F-11D3-BF4B-00C04F79EFBC}") = "Ex4UnitTests", "Ex4UnitTests\Ex4UnitTests.csproj", "{BCE32E10-442C-4E19-A775-1D6B3B3D9A93}"
EndProject
Project("{FAE04EC0-301F-11D3-BF4B-00C04F79EFBC}") = "EX5", "EX5\EX5.csproj", "{8C2FAD55-11D7-4E95-9653-05EA6815D5FD}"
EndProject
Global
	GlobalSection(SolutionConfigurationPlatforms) = preSolution
		Debug|Any CPU = Debug|Any CPU
		Release|Any CPU = Release|Any CPU
	EndGlobalSection
	GlobalSection(ProjectConfigurationPlatforms) = postSolution
		{6E12E195-4512-49DF-912E-BC0CDA70B52D}.Debug|Any CPU.ActiveCfg = Debug|Any CPU
		{6E12E195-4512-49DF-912E-BC0CDA70B52D}.Debug|Any CPU.Build.0 = Debug|Any CPU
		{6E12E195-4512-49DF-912E-BC0CDA70B52D}.Release|Any CPU.ActiveCfg = Release|Any CPU
		{6E12E195-4512-49DF-912E-BC0CDA70B52D}.Release|Any CPU.Build.0 = Release|Any CPU
		{F4712A71-5B45-4931-BE27-C9460956AC55}.Debug|Any CPU.ActiveCfg = Debug|Any CPU
		{F4712A71-5B45-4931-BE27-C9460956AC55}.Debug|Any CPU.Build.0 = Debug|Any CPU
		{F4712A71-5B45-4931-BE27-C9460956AC55}.Release|Any CPU.ActiveCfg = Release|Any CPU
		{F4712A71-5B45-4931-BE27-C9460956AC55}.Release|Any CPU.Build.0 = Release|Any CPU
		{53495AF6-D559-4084-8224-2C1E6156CFB4}.Debug|Any CPU.ActiveCfg = Debug|Any CPU
		{53495AF6-D559-4084-8224-2C1E6156CFB4}.Debug|Any CPU.Build.0 = Debug|Any CPU
		{53495AF6-D559-4084-8224-2C1E6156CFB4}.Release|Any CPU.ActiveCfg = Release|Any CPU
		{53495AF6-D559-4084-8224-2C1E6156CFB4}.Release|Any CPU.Build.0 = Release|Any CPU
		{552CB23A-A97A-4C36-981B-6FCB833AF45F}.Debug|Any CPU.ActiveCfg = Debug|Any CPU
		{552CB23A-A97A-4C36-981B-6FCB833AF45F}.Debug|Any CPU.Build.0 = Debug|Any CPU
		{552CB23A-A97A-4C36-981B-6FCB833AF45F}.Release|Any CPU.ActiveCfg = Release|Any CPU
		{552CB23A-A97A-4C36-981B-6FCB833AF45F}.Release|Any CPU.Build.0 = Release|Any CPU
		{BCE32E10-442C-4E19-A775-1D6B3B3D9A93}.Debug|Any CPU.ActiveCfg = Debug|Any CPU
		{BCE32E10-442C-4E19-A775-1D6B3B3D9A93}.Debug|Any CPU.Build.0 = Debug|Any CPU
		{BCE32E10-442C-4E19-A775-1D6B3B3D9A93}.Release|Any CPU.ActiveCfg = Release|Any CPU
		{BCE32E10-442C-4E19-A775-1D6B3B3D9A93}.Release|Any CPU.Build.0 = Release|Any CPU
		{8C2FAD55-11D7-4E95-9653-05EA6815D5FD}.Debug|Any CPU.ActiveCfg = Debug|Any CPU
		{8C2FAD55-11D7-4E95-9653-05EA6815D5FD}.Debug|Any CPU.Build.0 = Debug|Any CPU
		{8C2FAD55-11D7-4E95-9653-05EA6815D5FD}.Release|Any CPU.ActiveCfg = Release|Any CPU
		{8C2FAD55-11D7-4E95-9653-05EA6815D5FD}.Release|Any CPU.Build.0 = Release|Any CPU
	EndGlobalSection
	GlobalSection(SolutionProperties) = preSolution
		HideSolutionNode = FALSE
	EndGlobalSection
	GlobalSection(ExtensibilityGlobals) = postSolution
		SolutionGuid = {FEF1E9F5-D28C-42F5-AA3E-94AFC6390847}
	EndGlobalSection
EndGlobal
